// !$*UTF8*$!
{
	archiveVersion = 1;
	classes = {
	};
	objectVersion = 46;
	objects = {

/* Begin PBXBuildFile section */
		3D11B39E1F306D020031DD5C /* MainActivitysTableViewCell.swift in Sources */ = {isa = PBXBuildFile; fileRef = 3D11B39D1F306D020031DD5C /* MainActivitysTableViewCell.swift */; };
		3D1429001F5C10E8004116EB /* MapKit.framework in Frameworks */ = {isa = PBXBuildFile; fileRef = 3D1428FF1F5C10E8004116EB /* MapKit.framework */; };
		3D16156B1F2F704100E33F3D /* PayViewController.swift in Sources */ = {isa = PBXBuildFile; fileRef = 3D16156A1F2F704100E33F3D /* PayViewController.swift */; };
		3D171BCD1F4095CC008BC06E /* String.swift in Sources */ = {isa = PBXBuildFile; fileRef = 3D171BCC1F4095CC008BC06E /* String.swift */; };
		3D1F008E1F37F89D0080957F /* WebViewController.swift in Sources */ = {isa = PBXBuildFile; fileRef = 3D1F008D1F37F89D0080957F /* WebViewController.swift */; };
		3D2569DE1F3D58A800E01816 /* DwEntitys.xcdatamodeld in Sources */ = {isa = PBXBuildFile; fileRef = 3D2569DC1F3D58A800E01816 /* DwEntitys.xcdatamodeld */; };
		3D2569E31F3D7B9800E01816 /* UIImageView+Gif.swift in Sources */ = {isa = PBXBuildFile; fileRef = 3D2569E11F3D7B9800E01816 /* UIImageView+Gif.swift */; };
		3D31C4531F322F2000988876 /* LoginViewController.swift in Sources */ = {isa = PBXBuildFile; fileRef = 3D31C4521F322F2000988876 /* LoginViewController.swift */; };
		3D44C003201C83F40019E8F2 /* BranchsMapViewController.swift in Sources */ = {isa = PBXBuildFile; fileRef = 3D44C002201C83F40019E8F2 /* BranchsMapViewController.swift */; };
		3D493F861F3C2BCF00CEAD4B /* GuiderViewController.swift in Sources */ = {isa = PBXBuildFile; fileRef = 3D493F851F3C2BCF00CEAD4B /* GuiderViewController.swift */; };
		3D493F881F3C2C2C00CEAD4B /* ContentViewController.swift in Sources */ = {isa = PBXBuildFile; fileRef = 3D493F871F3C2C2C00CEAD4B /* ContentViewController.swift */; };
		3D493F9B1F3C41F100CEAD4B /* ApiUtil.swift in Sources */ = {isa = PBXBuildFile; fileRef = 3D493F9A1F3C41F100CEAD4B /* ApiUtil.swift */; };
		3D493FA41F3C51A800CEAD4B /* DwGuideAd.swift in Sources */ = {isa = PBXBuildFile; fileRef = 3D493F9E1F3C51A800CEAD4B /* DwGuideAd.swift */; };
		3D493FA51F3C51A800CEAD4B /* DwGuideData.swift in Sources */ = {isa = PBXBuildFile; fileRef = 3D493F9F1F3C51A800CEAD4B /* DwGuideData.swift */; };
		3D493FA61F3C51A800CEAD4B /* DwGuideRootClass.swift in Sources */ = {isa = PBXBuildFile; fileRef = 3D493FA01F3C51A800CEAD4B /* DwGuideRootClass.swift */; };
		3D493FA71F3C51A800CEAD4B /* DwStartAd.swift in Sources */ = {isa = PBXBuildFile; fileRef = 3D493FA11F3C51A800CEAD4B /* DwStartAd.swift */; };
		3D493FA81F3C51A800CEAD4B /* DwStartData.swift in Sources */ = {isa = PBXBuildFile; fileRef = 3D493FA21F3C51A800CEAD4B /* DwStartData.swift */; };
		3D493FA91F3C51A800CEAD4B /* DwStartRootClass.swift in Sources */ = {isa = PBXBuildFile; fileRef = 3D493FA31F3C51A800CEAD4B /* DwStartRootClass.swift */; };
		3D51BEC01FCC0DE300C16DEF /* CoreLocation.framework in Frameworks */ = {isa = PBXBuildFile; fileRef = 3D51BEBF1FCC0DD600C16DEF /* CoreLocation.framework */; };
		3D60224B201B5E510017CE18 /* DwPageListData.swift in Sources */ = {isa = PBXBuildFile; fileRef = 3D602248201B5E500017CE18 /* DwPageListData.swift */; };
		3D60224C201B5E510017CE18 /* DwPageListPageList.swift in Sources */ = {isa = PBXBuildFile; fileRef = 3D602249201B5E510017CE18 /* DwPageListPageList.swift */; };
		3D60224D201B5E510017CE18 /* DwPageListRootClass.swift in Sources */ = {isa = PBXBuildFile; fileRef = 3D60224A201B5E510017CE18 /* DwPageListRootClass.swift */; };
		3D6458631F442A72008220C3 /* DwCountBaseRootClass.swift in Sources */ = {isa = PBXBuildFile; fileRef = 3D6458621F442A72008220C3 /* DwCountBaseRootClass.swift */; };
		3D6458661F444D9C008220C3 /* DwWebViewBaseData.swift in Sources */ = {isa = PBXBuildFile; fileRef = 3D6458641F444D9C008220C3 /* DwWebViewBaseData.swift */; };
		3D6458671F444D9C008220C3 /* DwWebViewBaseRootClass.swift in Sources */ = {isa = PBXBuildFile; fileRef = 3D6458651F444D9C008220C3 /* DwWebViewBaseRootClass.swift */; };
		3D6458691F452623008220C3 /* DwErrorBaseRootClass.swift in Sources */ = {isa = PBXBuildFile; fileRef = 3D6458681F452623008220C3 /* DwErrorBaseRootClass.swift */; };
		3D8274F01F43DEC2009BB0C9 /* DwLoginCard.swift in Sources */ = {isa = PBXBuildFile; fileRef = 3D8274ED1F43DEC2009BB0C9 /* DwLoginCard.swift */; };
		3D8274F11F43DEC2009BB0C9 /* DwLoginData.swift in Sources */ = {isa = PBXBuildFile; fileRef = 3D8274EE1F43DEC2009BB0C9 /* DwLoginData.swift */; };
		3D8274F21F43DEC2009BB0C9 /* DwLoginRootClass.swift in Sources */ = {isa = PBXBuildFile; fileRef = 3D8274EF1F43DEC2009BB0C9 /* DwLoginRootClass.swift */; };
		3D91761D1F486BD500E855F6 /* DwPayCodeData.swift in Sources */ = {isa = PBXBuildFile; fileRef = 3D91761B1F486BD500E855F6 /* DwPayCodeData.swift */; };
		3D91761E1F486BD500E855F6 /* DwPayCodeRootClass.swift in Sources */ = {isa = PBXBuildFile; fileRef = 3D91761C1F486BD500E855F6 /* DwPayCodeRootClass.swift */; };
		3DB7B1FF1FD7EE910092FAC0 /* Find.storyboard in Resources */ = {isa = PBXBuildFile; fileRef = 3DB7B1EF1FD7EE8F0092FAC0 /* Find.storyboard */; };
		3DB7B2011FD7EE910092FAC0 /* Login.storyboard in Resources */ = {isa = PBXBuildFile; fileRef = 3DB7B1F31FD7EE900092FAC0 /* Login.storyboard */; };
		3DB7B21F1FD7FAAA0092FAC0 /* InfoPlist.strings in Resources */ = {isa = PBXBuildFile; fileRef = 3DB7B2211FD7FAAA0092FAC0 /* InfoPlist.strings */; };
		3DD3E24B1F2EC4C6001FC47E /* AppDelegate.swift in Sources */ = {isa = PBXBuildFile; fileRef = 3DD3E24A1F2EC4C6001FC47E /* AppDelegate.swift */; };
		3DD3E2501F2EC4C6001FC47E /* Main.storyboard in Resources */ = {isa = PBXBuildFile; fileRef = 3DD3E24E1F2EC4C6001FC47E /* Main.storyboard */; };
		3DD3E2581F2EC4C7001FC47E /* LaunchScreen.storyboard in Resources */ = {isa = PBXBuildFile; fileRef = 3DD3E2561F2EC4C7001FC47E /* LaunchScreen.storyboard */; };
		3DD885B21F2F3323007A1CE1 /* PodFile in Resources */ = {isa = PBXBuildFile; fileRef = 3DD885B11F2F3323007A1CE1 /* PodFile */; };
		3DE9AEC51FA440E900492E09 /* ScanViewController.swift in Sources */ = {isa = PBXBuildFile; fileRef = 3DE9AEC41FA440E900492E09 /* ScanViewController.swift */; };
		3DEBCD291FC8615B00D9F30E /* ZLaunchAdVC.swift in Sources */ = {isa = PBXBuildFile; fileRef = 3DEBCD281FC8615B00D9F30E /* ZLaunchAdVC.swift */; };
		3DEBCD2B1FC8753A00D9F30E /* TempViewController.swift in Sources */ = {isa = PBXBuildFile; fileRef = 3DEBCD2A1FC8753A00D9F30E /* TempViewController.swift */; };
		71DA84E6DB0F8C1C269054B6 /* Pods_DwMember.framework in Frameworks */ = {isa = PBXBuildFile; fileRef = AC4CD4F2448D444F046254A9 /* Pods_DwMember.framework */; };
		9505FF452124236700BEAD31 /* Assets.xcassets in Resources */ = {isa = PBXBuildFile; fileRef = 9505FF442124236700BEAD31 /* Assets.xcassets */; };
		952E75F421607ADC00599E4C /* DwBranchsRootClass.swift in Sources */ = {isa = PBXBuildFile; fileRef = 952E75F221607ADB00599E4C /* DwBranchsRootClass.swift */; };
		952E75F521607ADC00599E4C /* DwBranchsData.swift in Sources */ = {isa = PBXBuildFile; fileRef = 952E75F321607ADC00599E4C /* DwBranchsData.swift */; };
/* End PBXBuildFile section */

/* Begin PBXFileReference section */
		3D11B39D1F306D020031DD5C /* MainActivitysTableViewCell.swift */ = {isa = PBXFileReference; fileEncoding = 4; lastKnownFileType = sourcecode.swift; path = MainActivitysTableViewCell.swift; sourceTree = "<group>"; };
		3D1428FF1F5C10E8004116EB /* MapKit.framework */ = {isa = PBXFileReference; lastKnownFileType = wrapper.framework; name = MapKit.framework; path = System/Library/Frameworks/MapKit.framework; sourceTree = SDKROOT; };
		3D16156A1F2F704100E33F3D /* PayViewController.swift */ = {isa = PBXFileReference; fileEncoding = 4; lastKnownFileType = sourcecode.swift; path = PayViewController.swift; sourceTree = "<group>"; };
		3D1640BD1F39F969008F0819 /* DwMember.entitlements */ = {isa = PBXFileReference; lastKnownFileType = text.plist.entitlements; path = DwMember.entitlements; sourceTree = "<group>"; };
		3D171BCC1F4095CC008BC06E /* String.swift */ = {isa = PBXFileReference; fileEncoding = 4; lastKnownFileType = sourcecode.swift; path = String.swift; sourceTree = "<group>"; };
		3D1F008D1F37F89D0080957F /* WebViewController.swift */ = {isa = PBXFileReference; fileEncoding = 4; lastKnownFileType = sourcecode.swift; path = WebViewController.swift; sourceTree = "<group>"; };
		3D2569DD1F3D58A800E01816 /* DwEntitys.xcdatamodel */ = {isa = PBXFileReference; lastKnownFileType = wrapper.xcdatamodel; path = DwEntitys.xcdatamodel; sourceTree = "<group>"; };
		3D2569E11F3D7B9800E01816 /* UIImageView+Gif.swift */ = {isa = PBXFileReference; fileEncoding = 4; lastKnownFileType = sourcecode.swift; path = "UIImageView+Gif.swift"; sourceTree = "<group>"; };
		3D31C4521F322F2000988876 /* LoginViewController.swift */ = {isa = PBXFileReference; fileEncoding = 4; lastKnownFileType = sourcecode.swift; path = LoginViewController.swift; sourceTree = "<group>"; };
		3D44C002201C83F40019E8F2 /* BranchsMapViewController.swift */ = {isa = PBXFileReference; lastKnownFileType = sourcecode.swift; path = BranchsMapViewController.swift; sourceTree = "<group>"; };
		3D493F851F3C2BCF00CEAD4B /* GuiderViewController.swift */ = {isa = PBXFileReference; fileEncoding = 4; lastKnownFileType = sourcecode.swift; path = GuiderViewController.swift; sourceTree = "<group>"; };
		3D493F871F3C2C2C00CEAD4B /* ContentViewController.swift */ = {isa = PBXFileReference; fileEncoding = 4; lastKnownFileType = sourcecode.swift; path = ContentViewController.swift; sourceTree = "<group>"; };
		3D493F9A1F3C41F100CEAD4B /* ApiUtil.swift */ = {isa = PBXFileReference; fileEncoding = 4; lastKnownFileType = sourcecode.swift; path = ApiUtil.swift; sourceTree = "<group>"; };
		3D493F9E1F3C51A800CEAD4B /* DwGuideAd.swift */ = {isa = PBXFileReference; fileEncoding = 4; lastKnownFileType = sourcecode.swift; path = DwGuideAd.swift; sourceTree = "<group>"; };
		3D493F9F1F3C51A800CEAD4B /* DwGuideData.swift */ = {isa = PBXFileReference; fileEncoding = 4; lastKnownFileType = sourcecode.swift; path = DwGuideData.swift; sourceTree = "<group>"; };
		3D493FA01F3C51A800CEAD4B /* DwGuideRootClass.swift */ = {isa = PBXFileReference; fileEncoding = 4; lastKnownFileType = sourcecode.swift; path = DwGuideRootClass.swift; sourceTree = "<group>"; };
		3D493FA11F3C51A800CEAD4B /* DwStartAd.swift */ = {isa = PBXFileReference; fileEncoding = 4; lastKnownFileType = sourcecode.swift; path = DwStartAd.swift; sourceTree = "<group>"; };
		3D493FA21F3C51A800CEAD4B /* DwStartData.swift */ = {isa = PBXFileReference; fileEncoding = 4; lastKnownFileType = sourcecode.swift; path = DwStartData.swift; sourceTree = "<group>"; };
		3D493FA31F3C51A800CEAD4B /* DwStartRootClass.swift */ = {isa = PBXFileReference; fileEncoding = 4; lastKnownFileType = sourcecode.swift; path = DwStartRootClass.swift; sourceTree = "<group>"; };
		3D51BEBF1FCC0DD600C16DEF /* CoreLocation.framework */ = {isa = PBXFileReference; lastKnownFileType = wrapper.framework; name = CoreLocation.framework; path = System/Library/Frameworks/CoreLocation.framework; sourceTree = SDKROOT; };
		3D5B656620181BAB00649B24 /* en */ = {isa = PBXFileReference; lastKnownFileType = text.plist.strings; name = en; path = en.lproj/InfoPlist.strings; sourceTree = "<group>"; };
		3D5B656720181BAC00649B24 /* en */ = {isa = PBXFileReference; lastKnownFileType = text.plist.strings; name = en; path = en.lproj/Find.strings; sourceTree = "<group>"; };
		3D5B656820181BAC00649B24 /* en */ = {isa = PBXFileReference; lastKnownFileType = text.plist.strings; name = en; path = en.lproj/Login.strings; sourceTree = "<group>"; };
		3D5B656E20181BAC00649B24 /* en */ = {isa = PBXFileReference; lastKnownFileType = text.plist.strings; name = en; path = en.lproj/Main.strings; sourceTree = "<group>"; };
		3D5B656F20181BAC00649B24 /* en */ = {isa = PBXFileReference; lastKnownFileType = text.plist.strings; name = en; path = en.lproj/LaunchScreen.strings; sourceTree = "<group>"; };
		3D602248201B5E500017CE18 /* DwPageListData.swift */ = {isa = PBXFileReference; fileEncoding = 4; lastKnownFileType = sourcecode.swift; path = DwPageListData.swift; sourceTree = "<group>"; };
		3D602249201B5E510017CE18 /* DwPageListPageList.swift */ = {isa = PBXFileReference; fileEncoding = 4; lastKnownFileType = sourcecode.swift; path = DwPageListPageList.swift; sourceTree = "<group>"; };
		3D60224A201B5E510017CE18 /* DwPageListRootClass.swift */ = {isa = PBXFileReference; fileEncoding = 4; lastKnownFileType = sourcecode.swift; path = DwPageListRootClass.swift; sourceTree = "<group>"; };
		3D60224E201B62B40017CE18 /* zh-Hant */ = {isa = PBXFileReference; lastKnownFileType = text.plist.strings; name = "zh-Hant"; path = "zh-Hant.lproj/Find.strings"; sourceTree = "<group>"; };
		3D60224F201B62B40017CE18 /* zh-Hant */ = {isa = PBXFileReference; lastKnownFileType = text.plist.strings; name = "zh-Hant"; path = "zh-Hant.lproj/Login.strings"; sourceTree = "<group>"; };
		3D602255201B62B50017CE18 /* zh-Hant */ = {isa = PBXFileReference; lastKnownFileType = text.plist.strings; name = "zh-Hant"; path = "zh-Hant.lproj/Main.strings"; sourceTree = "<group>"; };
		3D602256201B62B50017CE18 /* zh-Hant */ = {isa = PBXFileReference; lastKnownFileType = text.plist.strings; name = "zh-Hant"; path = "zh-Hant.lproj/LaunchScreen.strings"; sourceTree = "<group>"; };
		3D6458621F442A72008220C3 /* DwCountBaseRootClass.swift */ = {isa = PBXFileReference; fileEncoding = 4; lastKnownFileType = sourcecode.swift; path = DwCountBaseRootClass.swift; sourceTree = "<group>"; };
		3D6458641F444D9C008220C3 /* DwWebViewBaseData.swift */ = {isa = PBXFileReference; fileEncoding = 4; lastKnownFileType = sourcecode.swift; path = DwWebViewBaseData.swift; sourceTree = "<group>"; };
		3D6458651F444D9C008220C3 /* DwWebViewBaseRootClass.swift */ = {isa = PBXFileReference; fileEncoding = 4; lastKnownFileType = sourcecode.swift; path = DwWebViewBaseRootClass.swift; sourceTree = "<group>"; };
		3D6458681F452623008220C3 /* DwErrorBaseRootClass.swift */ = {isa = PBXFileReference; fileEncoding = 4; lastKnownFileType = sourcecode.swift; path = DwErrorBaseRootClass.swift; sourceTree = "<group>"; };
		3D8274ED1F43DEC2009BB0C9 /* DwLoginCard.swift */ = {isa = PBXFileReference; fileEncoding = 4; lastKnownFileType = sourcecode.swift; path = DwLoginCard.swift; sourceTree = "<group>"; };
		3D8274EE1F43DEC2009BB0C9 /* DwLoginData.swift */ = {isa = PBXFileReference; fileEncoding = 4; lastKnownFileType = sourcecode.swift; path = DwLoginData.swift; sourceTree = "<group>"; };
		3D8274EF1F43DEC2009BB0C9 /* DwLoginRootClass.swift */ = {isa = PBXFileReference; fileEncoding = 4; lastKnownFileType = sourcecode.swift; path = DwLoginRootClass.swift; sourceTree = "<group>"; };
		3D91761B1F486BD500E855F6 /* DwPayCodeData.swift */ = {isa = PBXFileReference; fileEncoding = 4; lastKnownFileType = sourcecode.swift; path = DwPayCodeData.swift; sourceTree = "<group>"; };
		3D91761C1F486BD500E855F6 /* DwPayCodeRootClass.swift */ = {isa = PBXFileReference; fileEncoding = 4; lastKnownFileType = sourcecode.swift; path = DwPayCodeRootClass.swift; sourceTree = "<group>"; };
		3DB7B1F01FD7EE8F0092FAC0 /* Base */ = {isa = PBXFileReference; lastKnownFileType = file.storyboard; name = Base; path = Base.lproj/Find.storyboard; sourceTree = "<group>"; };
		3DB7B1F41FD7EE900092FAC0 /* Base */ = {isa = PBXFileReference; lastKnownFileType = file.storyboard; name = Base; path = Base.lproj/Login.storyboard; sourceTree = "<group>"; };
		3DD3E2471F2EC4C6001FC47E /* 沙嗲王.app */ = {isa = PBXFileReference; explicitFileType = wrapper.application; includeInIndex = 0; path = "沙嗲王.app"; sourceTree = BUILT_PRODUCTS_DIR; };
		3DD3E24A1F2EC4C6001FC47E /* AppDelegate.swift */ = {isa = PBXFileReference; lastKnownFileType = sourcecode.swift; path = AppDelegate.swift; sourceTree = "<group>"; };
		3DD3E24F1F2EC4C6001FC47E /* Base */ = {isa = PBXFileReference; lastKnownFileType = file.storyboard; name = Base; path = Base.lproj/Main.storyboard; sourceTree = "<group>"; };
		3DD3E2571F2EC4C7001FC47E /* Base */ = {isa = PBXFileReference; lastKnownFileType = file.storyboard; name = Base; path = Base.lproj/LaunchScreen.storyboard; sourceTree = "<group>"; };
		3DD3E2591F2EC4C7001FC47E /* Info.plist */ = {isa = PBXFileReference; lastKnownFileType = text.plist.xml; path = Info.plist; sourceTree = "<group>"; };
		3DD885B11F2F3323007A1CE1 /* PodFile */ = {isa = PBXFileReference; fileEncoding = 4; lastKnownFileType = text; path = PodFile; sourceTree = "<group>"; xcLanguageSpecificationIdentifier = xcode.lang.ruby; };
		3DD885B31F2F3547007A1CE1 /* DwMember-Bridging-Header.h */ = {isa = PBXFileReference; lastKnownFileType = sourcecode.c.h; path = "DwMember-Bridging-Header.h"; sourceTree = "<group>"; };
		3DE9AEC41FA440E900492E09 /* ScanViewController.swift */ = {isa = PBXFileReference; lastKnownFileType = sourcecode.swift; path = ScanViewController.swift; sourceTree = "<group>"; };
		3DEBCD281FC8615B00D9F30E /* ZLaunchAdVC.swift */ = {isa = PBXFileReference; fileEncoding = 4; lastKnownFileType = sourcecode.swift; path = ZLaunchAdVC.swift; sourceTree = "<group>"; };
		3DEBCD2A1FC8753A00D9F30E /* TempViewController.swift */ = {isa = PBXFileReference; lastKnownFileType = sourcecode.swift; path = TempViewController.swift; sourceTree = "<group>"; };
		43F163E528729B10AFD69FD6 /* Pods-DwMember.release.xcconfig */ = {isa = PBXFileReference; includeInIndex = 1; lastKnownFileType = text.xcconfig; name = "Pods-DwMember.release.xcconfig"; path = "Pods/Target Support Files/Pods-DwMember/Pods-DwMember.release.xcconfig"; sourceTree = "<group>"; };
		9505FF442124236700BEAD31 /* Assets.xcassets */ = {isa = PBXFileReference; lastKnownFileType = folder.assetcatalog; path = Assets.xcassets; sourceTree = "<group>"; };
		952E75F221607ADB00599E4C /* DwBranchsRootClass.swift */ = {isa = PBXFileReference; fileEncoding = 4; lastKnownFileType = sourcecode.swift; path = DwBranchsRootClass.swift; sourceTree = "<group>"; };
		952E75F321607ADC00599E4C /* DwBranchsData.swift */ = {isa = PBXFileReference; fileEncoding = 4; lastKnownFileType = sourcecode.swift; path = DwBranchsData.swift; sourceTree = "<group>"; };
		AC4CD4F2448D444F046254A9 /* Pods_DwMember.framework */ = {isa = PBXFileReference; explicitFileType = wrapper.framework; includeInIndex = 0; path = Pods_DwMember.framework; sourceTree = BUILT_PRODUCTS_DIR; };
		F4AC6189F94F154D3B69D4C9 /* Pods-DwMember.debug.xcconfig */ = {isa = PBXFileReference; includeInIndex = 1; lastKnownFileType = text.xcconfig; name = "Pods-DwMember.debug.xcconfig"; path = "Pods/Target Support Files/Pods-DwMember/Pods-DwMember.debug.xcconfig"; sourceTree = "<group>"; };
/* End PBXFileReference section */

/* Begin PBXFrameworksBuildPhase section */
		3DD3E2441F2EC4C6001FC47E /* Frameworks */ = {
			isa = PBXFrameworksBuildPhase;
			buildActionMask = 2147483647;
			files = (
				3D51BEC01FCC0DE300C16DEF /* CoreLocation.framework in Frameworks */,
				3D1429001F5C10E8004116EB /* MapKit.framework in Frameworks */,
				71DA84E6DB0F8C1C269054B6 /* Pods_DwMember.framework in Frameworks */,
			);
			runOnlyForDeploymentPostprocessing = 0;
		};
/* End PBXFrameworksBuildPhase section */

/* Begin PBXGroup section */
		21D3EBA1DFAFC3DEF2DF550E /* Frameworks */ = {
			isa = PBXGroup;
			children = (
				3D51BEBF1FCC0DD600C16DEF /* CoreLocation.framework */,
				3D1428FF1F5C10E8004116EB /* MapKit.framework */,
				AC4CD4F2448D444F046254A9 /* Pods_DwMember.framework */,
			);
			name = Frameworks;
			sourceTree = "<group>";
		};
		3D11B3971F30582D0031DD5C /* extension */ = {
			isa = PBXGroup;
			children = (
				3D171BCC1F4095CC008BC06E /* String.swift */,
			);
			name = extension;
			sourceTree = "<group>";
		};
		3D1615651F2F6FE400E33F3D /* controll */ = {
			isa = PBXGroup;
			children = (
				3D16156A1F2F704100E33F3D /* PayViewController.swift */,
				3D11B39D1F306D020031DD5C /* MainActivitysTableViewCell.swift */,
				3D1F008D1F37F89D0080957F /* WebViewController.swift */,
				3D31C4521F322F2000988876 /* LoginViewController.swift */,
				3D493F851F3C2BCF00CEAD4B /* GuiderViewController.swift */,
				3D493F871F3C2C2C00CEAD4B /* ContentViewController.swift */,
				3DE9AEC41FA440E900492E09 /* ScanViewController.swift */,
				3DEBCD2A1FC8753A00D9F30E /* TempViewController.swift */,
				3D44C002201C83F40019E8F2 /* BranchsMapViewController.swift */,
			);
			name = controll;
			sourceTree = "<group>";
		};
		3D1615701F2F727B00E33F3D /* content */ = {
			isa = PBXGroup;
			children = (
				3D493F9A1F3C41F100CEAD4B /* ApiUtil.swift */,
			);
			name = content;
			sourceTree = "<group>";
		};
		3D2569E01F3D7B9800E01816 /* ZLaunchAd */ = {
			isa = PBXGroup;
			children = (
				3DEBCD281FC8615B00D9F30E /* ZLaunchAdVC.swift */,
				3D2569E11F3D7B9800E01816 /* UIImageView+Gif.swift */,
			);
			path = ZLaunchAd;
			sourceTree = "<group>";
		};
		3D493F8B1F3C3DB800CEAD4B /* model */ = {
			isa = PBXGroup;
			children = (
				952E75F321607ADC00599E4C /* DwBranchsData.swift */,
				952E75F221607ADB00599E4C /* DwBranchsRootClass.swift */,
				3D602248201B5E500017CE18 /* DwPageListData.swift */,
				3D602249201B5E510017CE18 /* DwPageListPageList.swift */,
				3D60224A201B5E510017CE18 /* DwPageListRootClass.swift */,
				3D91761B1F486BD500E855F6 /* DwPayCodeData.swift */,
				3D91761C1F486BD500E855F6 /* DwPayCodeRootClass.swift */,
				3D6458681F452623008220C3 /* DwErrorBaseRootClass.swift */,
				3D6458641F444D9C008220C3 /* DwWebViewBaseData.swift */,
				3D6458651F444D9C008220C3 /* DwWebViewBaseRootClass.swift */,
				3D6458621F442A72008220C3 /* DwCountBaseRootClass.swift */,
				3D8274ED1F43DEC2009BB0C9 /* DwLoginCard.swift */,
				3D8274EE1F43DEC2009BB0C9 /* DwLoginData.swift */,
				3D8274EF1F43DEC2009BB0C9 /* DwLoginRootClass.swift */,
				3D493F9E1F3C51A800CEAD4B /* DwGuideAd.swift */,
				3D493F9F1F3C51A800CEAD4B /* DwGuideData.swift */,
				3D493FA01F3C51A800CEAD4B /* DwGuideRootClass.swift */,
				3D493FA11F3C51A800CEAD4B /* DwStartAd.swift */,
				3D493FA21F3C51A800CEAD4B /* DwStartData.swift */,
				3D493FA31F3C51A800CEAD4B /* DwStartRootClass.swift */,
			);
			path = model;
			sourceTree = "<group>";
		};
		3DB7B2061FD7EEE00092FAC0 /* storyboard */ = {
			isa = PBXGroup;
			children = (
				3DB7B1EF1FD7EE8F0092FAC0 /* Find.storyboard */,
				3DB7B1F31FD7EE900092FAC0 /* Login.storyboard */,
				3DD3E24E1F2EC4C6001FC47E /* Main.storyboard */,
				3DD3E2561F2EC4C7001FC47E /* LaunchScreen.storyboard */,
			);
			name = storyboard;
			sourceTree = "<group>";
		};
		3DD3E23E1F2EC4C6001FC47E = {
			isa = PBXGroup;
			children = (
				3DD885B11F2F3323007A1CE1 /* PodFile */,
				3DD3E2491F2EC4C6001FC47E /* DwMember */,
				3DD3E2481F2EC4C6001FC47E /* Products */,
				65BE6AB76CF786B600A0B93E /* Pods */,
				21D3EBA1DFAFC3DEF2DF550E /* Frameworks */,
				3DD885B31F2F3547007A1CE1 /* DwMember-Bridging-Header.h */,
			);
			sourceTree = "<group>";
		};
		3DD3E2481F2EC4C6001FC47E /* Products */ = {
			isa = PBXGroup;
			children = (
				3DD3E2471F2EC4C6001FC47E /* 沙嗲王.app */,
			);
			name = Products;
			sourceTree = "<group>";
		};
		3DD3E2491F2EC4C6001FC47E /* DwMember */ = {
			isa = PBXGroup;
			children = (
				9505FF442124236700BEAD31 /* Assets.xcassets */,
				3DB7B2211FD7FAAA0092FAC0 /* InfoPlist.strings */,
				3D2569E01F3D7B9800E01816 /* ZLaunchAd */,
				3D493F8B1F3C3DB800CEAD4B /* model */,
				3D1640BD1F39F969008F0819 /* DwMember.entitlements */,
				3D11B3971F30582D0031DD5C /* extension */,
				3D1615701F2F727B00E33F3D /* content */,
				3D1615651F2F6FE400E33F3D /* controll */,
				3DD3E24A1F2EC4C6001FC47E /* AppDelegate.swift */,
				3DB7B2061FD7EEE00092FAC0 /* storyboard */,
				3DD3E2591F2EC4C7001FC47E /* Info.plist */,
				3D2569DC1F3D58A800E01816 /* DwEntitys.xcdatamodeld */,
			);
			path = DwMember;
			sourceTree = "<group>";
		};
		65BE6AB76CF786B600A0B93E /* Pods */ = {
			isa = PBXGroup;
			children = (
				F4AC6189F94F154D3B69D4C9 /* Pods-DwMember.debug.xcconfig */,
				43F163E528729B10AFD69FD6 /* Pods-DwMember.release.xcconfig */,
			);
			name = Pods;
			sourceTree = "<group>";
		};
/* End PBXGroup section */

/* Begin PBXNativeTarget section */
		3DD3E2461F2EC4C6001FC47E /* DwMember */ = {
			isa = PBXNativeTarget;
			buildConfigurationList = 3DD3E25C1F2EC4C7001FC47E /* Build configuration list for PBXNativeTarget "DwMember" */;
			buildPhases = (
				A7CD6133655D861E2B00CEBE /* [CP] Check Pods Manifest.lock */,
				3DD3E2431F2EC4C6001FC47E /* Sources */,
				3DD3E2441F2EC4C6001FC47E /* Frameworks */,
				3DD3E2451F2EC4C6001FC47E /* Resources */,
				1C16589E3867422CA51B813E /* [CP] Embed Pods Frameworks */,
				1A6FBFC0688C52424F2B5588 /* [CP] Copy Pods Resources */,
			);
			buildRules = (
			);
			dependencies = (
			);
			name = DwMember;
			productName = DwMember;
			productReference = 3DD3E2471F2EC4C6001FC47E /* 沙嗲王.app */;
			productType = "com.apple.product-type.application";
		};
/* End PBXNativeTarget section */

/* Begin PBXProject section */
		3DD3E23F1F2EC4C6001FC47E /* Project object */ = {
			isa = PBXProject;
			attributes = {
				LastSwiftUpdateCheck = 0830;
				LastUpgradeCheck = 1000;
				ORGANIZATIONNAME = "Wen Jing";
				TargetAttributes = {
					3DD3E2461F2EC4C6001FC47E = {
						CreatedOnToolsVersion = 8.3.3;
						DevelopmentTeam = YB7C85G562;
						LastSwiftMigration = 0830;
						ProvisioningStyle = Automatic;
						SystemCapabilities = {
							com.apple.Maps.iOS = {
								enabled = 1;
							};
							com.apple.Push = {
								enabled = 1;
							};
						};
					};
				};
			};
			buildConfigurationList = 3DD3E2421F2EC4C6001FC47E /* Build configuration list for PBXProject "DwMember" */;
			compatibilityVersion = "Xcode 3.2";
			developmentRegion = English;
			hasScannedForEncodings = 0;
			knownRegions = (
				English,
				Base,
				en,
				"zh-Hant",
			);
			mainGroup = 3DD3E23E1F2EC4C6001FC47E;
			productRefGroup = 3DD3E2481F2EC4C6001FC47E /* Products */;
			projectDirPath = "";
			projectRoot = "";
			targets = (
				3DD3E2461F2EC4C6001FC47E /* DwMember */,
			);
		};
/* End PBXProject section */

/* Begin PBXResourcesBuildPhase section */
		3DD3E2451F2EC4C6001FC47E /* Resources */ = {
			isa = PBXResourcesBuildPhase;
			buildActionMask = 2147483647;
			files = (
				3DB7B2011FD7EE910092FAC0 /* Login.storyboard in Resources */,
				3DB7B21F1FD7FAAA0092FAC0 /* InfoPlist.strings in Resources */,
				3DD3E2581F2EC4C7001FC47E /* LaunchScreen.storyboard in Resources */,
				3DD3E2501F2EC4C6001FC47E /* Main.storyboard in Resources */,
				3DB7B1FF1FD7EE910092FAC0 /* Find.storyboard in Resources */,
				3DD885B21F2F3323007A1CE1 /* PodFile in Resources */,
				9505FF452124236700BEAD31 /* Assets.xcassets in Resources */,
			);
			runOnlyForDeploymentPostprocessing = 0;
		};
/* End PBXResourcesBuildPhase section */

/* Begin PBXShellScriptBuildPhase section */
		1A6FBFC0688C52424F2B5588 /* [CP] Copy Pods Resources */ = {
			isa = PBXShellScriptBuildPhase;
			buildActionMask = 2147483647;
			files = (
			);
			inputPaths = (
			);
			name = "[CP] Copy Pods Resources";
			outputPaths = (
			);
			runOnlyForDeploymentPostprocessing = 0;
			shellPath = /bin/sh;
			shellScript = "\"${SRCROOT}/Pods/Target Support Files/Pods-DwMember/Pods-DwMember-resources.sh\"\n";
			showEnvVarsInLog = 0;
		};
		1C16589E3867422CA51B813E /* [CP] Embed Pods Frameworks */ = {
			isa = PBXShellScriptBuildPhase;
			buildActionMask = 2147483647;
			files = (
			);
			inputPaths = (
				"${SRCROOT}/Pods/Target Support Files/Pods-DwMember/Pods-DwMember-frameworks.sh",
				"${BUILT_PRODUCTS_DIR}/BubbleTransition/BubbleTransition.framework",
				"${BUILT_PRODUCTS_DIR}/Just/Just.framework",
				"${BUILT_PRODUCTS_DIR}/pop/pop.framework",
				"${BUILT_PRODUCTS_DIR}/swiftScan/swiftScan.framework",
			);
			name = "[CP] Embed Pods Frameworks";
			outputPaths = (
				"${TARGET_BUILD_DIR}/${FRAMEWORKS_FOLDER_PATH}/BubbleTransition.framework",
				"${TARGET_BUILD_DIR}/${FRAMEWORKS_FOLDER_PATH}/Just.framework",
				"${TARGET_BUILD_DIR}/${FRAMEWORKS_FOLDER_PATH}/pop.framework",
				"${TARGET_BUILD_DIR}/${FRAMEWORKS_FOLDER_PATH}/swiftScan.framework",
			);
			runOnlyForDeploymentPostprocessing = 0;
			shellPath = /bin/sh;
			shellScript = "\"${SRCROOT}/Pods/Target Support Files/Pods-DwMember/Pods-DwMember-frameworks.sh\"\n";
			showEnvVarsInLog = 0;
		};
		A7CD6133655D861E2B00CEBE /* [CP] Check Pods Manifest.lock */ = {
			isa = PBXShellScriptBuildPhase;
			buildActionMask = 2147483647;
			files = (
			);
			inputPaths = (
				"${PODS_PODFILE_DIR_PATH}/Podfile.lock",
				"${PODS_ROOT}/Manifest.lock",
			);
			name = "[CP] Check Pods Manifest.lock";
			outputPaths = (
				"$(DERIVED_FILE_DIR)/Pods-DwMember-checkManifestLockResult.txt",
			);
			runOnlyForDeploymentPostprocessing = 0;
			shellPath = /bin/sh;
			shellScript = "diff \"${PODS_PODFILE_DIR_PATH}/Podfile.lock\" \"${PODS_ROOT}/Manifest.lock\" > /dev/null\nif [ $? != 0 ] ; then\n    # print error to STDERR\n    echo \"error: The sandbox is not in sync with the Podfile.lock. Run 'pod install' or update your CocoaPods installation.\" >&2\n    exit 1\nfi\n# This output is used by Xcode 'outputs' to avoid re-running this script phase.\necho \"SUCCESS\" > \"${SCRIPT_OUTPUT_FILE_0}\"\n";
			showEnvVarsInLog = 0;
		};
/* End PBXShellScriptBuildPhase section */

/* Begin PBXSourcesBuildPhase section */
		3DD3E2431F2EC4C6001FC47E /* Sources */ = {
			isa = PBXSourcesBuildPhase;
			buildActionMask = 2147483647;
			files = (
				3D60224C201B5E510017CE18 /* DwPageListPageList.swift in Sources */,
				3D16156B1F2F704100E33F3D /* PayViewController.swift in Sources */,
				952E75F521607ADC00599E4C /* DwBranchsData.swift in Sources */,
				3D6458691F452623008220C3 /* DwErrorBaseRootClass.swift in Sources */,
				3DE9AEC51FA440E900492E09 /* ScanViewController.swift in Sources */,
				3D2569E31F3D7B9800E01816 /* UIImageView+Gif.swift in Sources */,
				952E75F421607ADC00599E4C /* DwBranchsRootClass.swift in Sources */,
				3D8274F01F43DEC2009BB0C9 /* DwLoginCard.swift in Sources */,
				3D493FA41F3C51A800CEAD4B /* DwGuideAd.swift in Sources */,
				3D493FA51F3C51A800CEAD4B /* DwGuideData.swift in Sources */,
				3D6458661F444D9C008220C3 /* DwWebViewBaseData.swift in Sources */,
				3D493F9B1F3C41F100CEAD4B /* ApiUtil.swift in Sources */,
				3DEBCD2B1FC8753A00D9F30E /* TempViewController.swift in Sources */,
				3D493F861F3C2BCF00CEAD4B /* GuiderViewController.swift in Sources */,
				3D44C003201C83F40019E8F2 /* BranchsMapViewController.swift in Sources */,
				3D6458671F444D9C008220C3 /* DwWebViewBaseRootClass.swift in Sources */,
				3DD3E24B1F2EC4C6001FC47E /* AppDelegate.swift in Sources */,
				3D11B39E1F306D020031DD5C /* MainActivitysTableViewCell.swift in Sources */,
				3D2569DE1F3D58A800E01816 /* DwEntitys.xcdatamodeld in Sources */,
				3D60224D201B5E510017CE18 /* DwPageListRootClass.swift in Sources */,
				3D493FA81F3C51A800CEAD4B /* DwStartData.swift in Sources */,
				3D1F008E1F37F89D0080957F /* WebViewController.swift in Sources */,
				3D6458631F442A72008220C3 /* DwCountBaseRootClass.swift in Sources */,
				3D493FA91F3C51A800CEAD4B /* DwStartRootClass.swift in Sources */,
				3D493F881F3C2C2C00CEAD4B /* ContentViewController.swift in Sources */,
				3D171BCD1F4095CC008BC06E /* String.swift in Sources */,
				3DEBCD291FC8615B00D9F30E /* ZLaunchAdVC.swift in Sources */,
				3D493FA71F3C51A800CEAD4B /* DwStartAd.swift in Sources */,
				3D91761D1F486BD500E855F6 /* DwPayCodeData.swift in Sources */,
				3D31C4531F322F2000988876 /* LoginViewController.swift in Sources */,
				3D493FA61F3C51A800CEAD4B /* DwGuideRootClass.swift in Sources */,
				3D60224B201B5E510017CE18 /* DwPageListData.swift in Sources */,
				3D91761E1F486BD500E855F6 /* DwPayCodeRootClass.swift in Sources */,
				3D8274F11F43DEC2009BB0C9 /* DwLoginData.swift in Sources */,
				3D8274F21F43DEC2009BB0C9 /* DwLoginRootClass.swift in Sources */,
			);
			runOnlyForDeploymentPostprocessing = 0;
		};
/* End PBXSourcesBuildPhase section */

/* Begin PBXVariantGroup section */
		3DB7B1EF1FD7EE8F0092FAC0 /* Find.storyboard */ = {
			isa = PBXVariantGroup;
			children = (
				3DB7B1F01FD7EE8F0092FAC0 /* Base */,
				3D5B656720181BAC00649B24 /* en */,
				3D60224E201B62B40017CE18 /* zh-Hant */,
			);
			name = Find.storyboard;
			sourceTree = "<group>";
		};
		3DB7B1F31FD7EE900092FAC0 /* Login.storyboard */ = {
			isa = PBXVariantGroup;
			children = (
				3DB7B1F41FD7EE900092FAC0 /* Base */,
				3D5B656820181BAC00649B24 /* en */,
				3D60224F201B62B40017CE18 /* zh-Hant */,
			);
			name = Login.storyboard;
			sourceTree = "<group>";
		};
		3DB7B2211FD7FAAA0092FAC0 /* InfoPlist.strings */ = {
			isa = PBXVariantGroup;
			children = (
				3D5B656620181BAB00649B24 /* en */,
			);
			name = InfoPlist.strings;
			sourceTree = "<group>";
		};
		3DD3E24E1F2EC4C6001FC47E /* Main.storyboard */ = {
			isa = PBXVariantGroup;
			children = (
				3DD3E24F1F2EC4C6001FC47E /* Base */,
				3D5B656E20181BAC00649B24 /* en */,
				3D602255201B62B50017CE18 /* zh-Hant */,
			);
			name = Main.storyboard;
			sourceTree = "<group>";
		};
		3DD3E2561F2EC4C7001FC47E /* LaunchScreen.storyboard */ = {
			isa = PBXVariantGroup;
			children = (
				3DD3E2571F2EC4C7001FC47E /* Base */,
				3D5B656F20181BAC00649B24 /* en */,
				3D602256201B62B50017CE18 /* zh-Hant */,
			);
			name = LaunchScreen.storyboard;
			sourceTree = "<group>";
		};
/* End PBXVariantGroup section */

/* Begin XCBuildConfiguration section */
		3DD3E25A1F2EC4C7001FC47E /* Debug */ = {
			isa = XCBuildConfiguration;
			buildSettings = {
				ALWAYS_SEARCH_USER_PATHS = NO;
				CLANG_ANALYZER_LOCALIZABILITY_NONLOCALIZED = YES;
				CLANG_ANALYZER_NONNULL = YES;
				CLANG_ANALYZER_NUMBER_OBJECT_CONVERSION = YES_AGGRESSIVE;
				CLANG_CXX_LANGUAGE_STANDARD = "gnu++0x";
				CLANG_CXX_LIBRARY = "libc++";
				CLANG_ENABLE_MODULES = YES;
				CLANG_ENABLE_OBJC_ARC = YES;
				CLANG_WARN_BLOCK_CAPTURE_AUTORELEASING = YES;
				CLANG_WARN_BOOL_CONVERSION = YES;
				CLANG_WARN_COMMA = YES;
				CLANG_WARN_CONSTANT_CONVERSION = YES;
				CLANG_WARN_DEPRECATED_OBJC_IMPLEMENTATIONS = YES;
				CLANG_WARN_DIRECT_OBJC_ISA_USAGE = YES_ERROR;
				CLANG_WARN_DOCUMENTATION_COMMENTS = YES;
				CLANG_WARN_EMPTY_BODY = YES;
				CLANG_WARN_ENUM_CONVERSION = YES;
				CLANG_WARN_INFINITE_RECURSION = YES;
				CLANG_WARN_INT_CONVERSION = YES;
				CLANG_WARN_NON_LITERAL_NULL_CONVERSION = YES;
				CLANG_WARN_OBJC_IMPLICIT_RETAIN_SELF = YES;
				CLANG_WARN_OBJC_LITERAL_CONVERSION = YES;
				CLANG_WARN_OBJC_ROOT_CLASS = YES_ERROR;
				CLANG_WARN_RANGE_LOOP_ANALYSIS = YES;
				CLANG_WARN_STRICT_PROTOTYPES = YES;
				CLANG_WARN_SUSPICIOUS_MOVE = YES;
				CLANG_WARN_UNREACHABLE_CODE = YES;
				CLANG_WARN__DUPLICATE_METHOD_MATCH = YES;
				CODE_SIGN_IDENTITY = "iPhone Developer";
				"CODE_SIGN_IDENTITY[sdk=iphoneos*]" = "iPhone Developer";
				COPY_PHASE_STRIP = NO;
				DEBUG_INFORMATION_FORMAT = dwarf;
				ENABLE_STRICT_OBJC_MSGSEND = YES;
				ENABLE_TESTABILITY = YES;
				GCC_C_LANGUAGE_STANDARD = gnu99;
				GCC_DYNAMIC_NO_PIC = NO;
				GCC_NO_COMMON_BLOCKS = YES;
				GCC_OPTIMIZATION_LEVEL = 0;
				GCC_PREPROCESSOR_DEFINITIONS = (
					"DEBUG=1",
					"$(inherited)",
				);
				GCC_WARN_64_TO_32_BIT_CONVERSION = YES;
				GCC_WARN_ABOUT_RETURN_TYPE = YES_ERROR;
				GCC_WARN_UNDECLARED_SELECTOR = YES;
				GCC_WARN_UNINITIALIZED_AUTOS = YES_AGGRESSIVE;
				GCC_WARN_UNUSED_FUNCTION = YES;
				GCC_WARN_UNUSED_VARIABLE = YES;
				IPHONEOS_DEPLOYMENT_TARGET = 10.3;
				MTL_ENABLE_DEBUG_INFO = YES;
				ONLY_ACTIVE_ARCH = YES;
				SDKROOT = iphoneos;
				SWIFT_ACTIVE_COMPILATION_CONDITIONS = DEBUG;
				SWIFT_OPTIMIZATION_LEVEL = "-Onone";
			};
			name = Debug;
		};
		3DD3E25B1F2EC4C7001FC47E /* Release */ = {
			isa = XCBuildConfiguration;
			buildSettings = {
				ALWAYS_SEARCH_USER_PATHS = NO;
				CLANG_ANALYZER_LOCALIZABILITY_NONLOCALIZED = YES;
				CLANG_ANALYZER_NONNULL = YES;
				CLANG_ANALYZER_NUMBER_OBJECT_CONVERSION = YES_AGGRESSIVE;
				CLANG_CXX_LANGUAGE_STANDARD = "gnu++0x";
				CLANG_CXX_LIBRARY = "libc++";
				CLANG_ENABLE_MODULES = YES;
				CLANG_ENABLE_OBJC_ARC = YES;
				CLANG_WARN_BLOCK_CAPTURE_AUTORELEASING = YES;
				CLANG_WARN_BOOL_CONVERSION = YES;
				CLANG_WARN_COMMA = YES;
				CLANG_WARN_CONSTANT_CONVERSION = YES;
				CLANG_WARN_DEPRECATED_OBJC_IMPLEMENTATIONS = YES;
				CLANG_WARN_DIRECT_OBJC_ISA_USAGE = YES_ERROR;
				CLANG_WARN_DOCUMENTATION_COMMENTS = YES;
				CLANG_WARN_EMPTY_BODY = YES;
				CLANG_WARN_ENUM_CONVERSION = YES;
				CLANG_WARN_INFINITE_RECURSION = YES;
				CLANG_WARN_INT_CONVERSION = YES;
				CLANG_WARN_NON_LITERAL_NULL_CONVERSION = YES;
				CLANG_WARN_OBJC_IMPLICIT_RETAIN_SELF = YES;
				CLANG_WARN_OBJC_LITERAL_CONVERSION = YES;
				CLANG_WARN_OBJC_ROOT_CLASS = YES_ERROR;
				CLANG_WARN_RANGE_LOOP_ANALYSIS = YES;
				CLANG_WARN_STRICT_PROTOTYPES = YES;
				CLANG_WARN_SUSPICIOUS_MOVE = YES;
				CLANG_WARN_UNREACHABLE_CODE = YES;
				CLANG_WARN__DUPLICATE_METHOD_MATCH = YES;
				CODE_SIGN_IDENTITY = "iPhone Developer";
				"CODE_SIGN_IDENTITY[sdk=iphoneos*]" = "iPhone Developer";
				COPY_PHASE_STRIP = NO;
				DEBUG_INFORMATION_FORMAT = "dwarf-with-dsym";
				ENABLE_NS_ASSERTIONS = NO;
				ENABLE_STRICT_OBJC_MSGSEND = YES;
				GCC_C_LANGUAGE_STANDARD = gnu99;
				GCC_NO_COMMON_BLOCKS = YES;
				GCC_WARN_64_TO_32_BIT_CONVERSION = YES;
				GCC_WARN_ABOUT_RETURN_TYPE = YES_ERROR;
				GCC_WARN_UNDECLARED_SELECTOR = YES;
				GCC_WARN_UNINITIALIZED_AUTOS = YES_AGGRESSIVE;
				GCC_WARN_UNUSED_FUNCTION = YES;
				GCC_WARN_UNUSED_VARIABLE = YES;
				IPHONEOS_DEPLOYMENT_TARGET = 10.3;
				MTL_ENABLE_DEBUG_INFO = NO;
				SDKROOT = iphoneos;
				SWIFT_OPTIMIZATION_LEVEL = "-Owholemodule";
				VALIDATE_PRODUCT = YES;
			};
			name = Release;
		};
		3DD3E25D1F2EC4C7001FC47E /* Debug */ = {
			isa = XCBuildConfiguration;
			baseConfigurationReference = F4AC6189F94F154D3B69D4C9 /* Pods-DwMember.debug.xcconfig */;
			buildSettings = {
				ASSETCATALOG_COMPILER_APPICON_NAME = AppIcon;
				CLANG_ENABLE_MODULES = YES;
				CODE_SIGN_ENTITLEMENTS = DwMember/DwMember.entitlements;
				"CODE_SIGN_IDENTITY[sdk=iphoneos*]" = "iPhone Developer";
				DEVELOPMENT_TEAM = YB7C85G562;
				INFOPLIST_FILE = DwMember/Info.plist;
				IPHONEOS_DEPLOYMENT_TARGET = 10.2;
				LD_RUNPATH_SEARCH_PATHS = "$(inherited) @executable_path/Frameworks";
				MARKETING_VERSION = 1.1.03;
				PRODUCT_BUNDLE_IDENTIFIER = com.ablegenius.satay;
				PRODUCT_NAME = "沙嗲王";
				PROVISIONING_PROFILE_SPECIFIER = "";
				SWIFT_OBJC_BRIDGING_HEADER = "DwMember-Bridging-Header.h";
				SWIFT_OPTIMIZATION_LEVEL = "-Onone";
				SWIFT_VERSION = 5.0;
			};
			name = Debug;
		};
		3DD3E25E1F2EC4C7001FC47E /* Release */ = {
			isa = XCBuildConfiguration;
			baseConfigurationReference = 43F163E528729B10AFD69FD6 /* Pods-DwMember.release.xcconfig */;
			buildSettings = {
				ASSETCATALOG_COMPILER_APPICON_NAME = AppIcon;
				CLANG_ENABLE_MODULES = YES;
				CODE_SIGN_ENTITLEMENTS = DwMember/DwMember.entitlements;
				"CODE_SIGN_IDENTITY[sdk=iphoneos*]" = "iPhone Developer";
				DEVELOPMENT_TEAM = YB7C85G562;
				INFOPLIST_FILE = DwMember/Info.plist;
				IPHONEOS_DEPLOYMENT_TARGET = 10.2;
				LD_RUNPATH_SEARCH_PATHS = "$(inherited) @executable_path/Frameworks";
				MARKETING_VERSION = 1.1.03;
				PRODUCT_BUNDLE_IDENTIFIER = com.ablegenius.satay;
				PRODUCT_NAME = "沙嗲王";
				PROVISIONING_PROFILE_SPECIFIER = "";
				SWIFT_OBJC_BRIDGING_HEADER = "DwMember-Bridging-Header.h";
				SWIFT_VERSION = 5.0;
			};
			name = Release;
		};
/* End XCBuildConfiguration section */

/* Begin XCConfigurationList section */
		3DD3E2421F2EC4C6001FC47E /* Build configuration list for PBXProject "DwMember" */ = {
			isa = XCConfigurationList;
			buildConfigurations = (
				3DD3E25A1F2EC4C7001FC47E /* Debug */,
				3DD3E25B1F2EC4C7001FC47E /* Release */,
			);
			defaultConfigurationIsVisible = 0;
			defaultConfigurationName = Release;
		};
		3DD3E25C1F2EC4C7001FC47E /* Build configuration list for PBXNativeTarget "DwMember" */ = {
			isa = XCConfigurationList;
			buildConfigurations = (
				3DD3E25D1F2EC4C7001FC47E /* Debug */,
				3DD3E25E1F2EC4C7001FC47E /* Release */,
			);
			defaultConfigurationIsVisible = 0;
			defaultConfigurationName = Release;
		};
/* End XCConfigurationList section */

/* Begin XCVersionGroup section */
		3D2569DC1F3D58A800E01816 /* DwEntitys.xcdatamodeld */ = {
			isa = XCVersionGroup;
			children = (
				3D2569DD1F3D58A800E01816 /* DwEntitys.xcdatamodel */,
			);
			currentVersion = 3D2569DD1F3D58A800E01816 /* DwEntitys.xcdatamodel */;
			path = DwEntitys.xcdatamodeld;
			sourceTree = "<group>";
			versionGroupType = wrapper.xcdatamodel;
		};
/* End XCVersionGroup section */
	};
	rootObject = 3DD3E23F1F2EC4C6001FC47E /* Project object */;
}
