// !$*UTF8*$!
{
	archiveVersion = 1;
	classes = {
	};
	objectVersion = 46;
	objects = {

/* Begin PBXBuildFile section */
		3D03761A1F484895003173FD /* CouponDeatilsViewController.swift in Sources */ = {isa = PBXBuildFile; fileRef = 3D0376191F484895003173FD /* CouponDeatilsViewController.swift */; };
		3D11B3991F30587D0031DD5C /* UIButton.swift in Sources */ = {isa = PBXBuildFile; fileRef = 3D11B3981F30587D0031DD5C /* UIButton.swift */; };
		3D11B39E1F306D020031DD5C /* MainActivitysTableViewCell.swift in Sources */ = {isa = PBXBuildFile; fileRef = 3D11B39D1F306D020031DD5C /* MainActivitysTableViewCell.swift */; };
		3D1428F71F5B9564004116EB /* DwUpdataData.swift in Sources */ = {isa = PBXBuildFile; fileRef = 3D1428F51F5B9564004116EB /* DwUpdataData.swift */; };
		3D1428F81F5B9564004116EB /* DwUpdataRootClass.swift in Sources */ = {isa = PBXBuildFile; fileRef = 3D1428F61F5B9564004116EB /* DwUpdataRootClass.swift */; };
		3D1428FC1F5BC8EE004116EB /* BranchDetailTableViewController.swift in Sources */ = {isa = PBXBuildFile; fileRef = 3D1428FB1F5BC8EE004116EB /* BranchDetailTableViewController.swift */; };
		3D1428FE1F5BCEDD004116EB /* BranchDetailTableViewCell.swift in Sources */ = {isa = PBXBuildFile; fileRef = 3D1428FD1F5BCEDD004116EB /* BranchDetailTableViewCell.swift */; };
		3D1429001F5C10E8004116EB /* MapKit.framework in Frameworks */ = {isa = PBXBuildFile; fileRef = 3D1428FF1F5C10E8004116EB /* MapKit.framework */; };
		3D1488951F33085900E90270 /* MallViewController.swift in Sources */ = {isa = PBXBuildFile; fileRef = 3D1488941F33085900E90270 /* MallViewController.swift */; };
		3D1488971F3310C700E90270 /* CouponTableViewController.swift in Sources */ = {isa = PBXBuildFile; fileRef = 3D1488961F3310C700E90270 /* CouponTableViewController.swift */; };
		3D1488991F3311A700E90270 /* MessageTableViewController.swift in Sources */ = {isa = PBXBuildFile; fileRef = 3D1488981F3311A700E90270 /* MessageTableViewController.swift */; };
		3D154EF21F31A63800A6E157 /* MyTabBarViewController.swift in Sources */ = {isa = PBXBuildFile; fileRef = 3D154EF11F31A63800A6E157 /* MyTabBarViewController.swift */; };
		3D1615671F2F700B00E33F3D /* MeTableViewController.swift in Sources */ = {isa = PBXBuildFile; fileRef = 3D1615661F2F700B00E33F3D /* MeTableViewController.swift */; };
		3D16156B1F2F704100E33F3D /* PayViewController.swift in Sources */ = {isa = PBXBuildFile; fileRef = 3D16156A1F2F704100E33F3D /* PayViewController.swift */; };
		3D16156D1F2F709800E33F3D /* FindTableViewController.swift in Sources */ = {isa = PBXBuildFile; fileRef = 3D16156C1F2F709800E33F3D /* FindTableViewController.swift */; };
		3D16156F1F2F70F700E33F3D /* MainTableViewController.swift in Sources */ = {isa = PBXBuildFile; fileRef = 3D16156E1F2F70F700E33F3D /* MainTableViewController.swift */; };
		3D1615741F2F731200E33F3D /* IrregularityContentView.swift in Sources */ = {isa = PBXBuildFile; fileRef = 3D1615731F2F731200E33F3D /* IrregularityContentView.swift */; };
		3D16157A1F2F765000E33F3D /* BouncesContentView.swift in Sources */ = {isa = PBXBuildFile; fileRef = 3D1615781F2F765000E33F3D /* BouncesContentView.swift */; };
		3D171BCD1F4095CC008BC06E /* String.swift in Sources */ = {isa = PBXBuildFile; fileRef = 3D171BCC1F4095CC008BC06E /* String.swift */; };
		3D185BBD1F38B2CD00A89077 /* CouponViewController.swift in Sources */ = {isa = PBXBuildFile; fileRef = 3D185BBC1F38B2CD00A89077 /* CouponViewController.swift */; };
		3D185BBF1F38B3DA00A89077 /* SegmentioBuilder.swift in Sources */ = {isa = PBXBuildFile; fileRef = 3D185BBE1F38B3DA00A89077 /* SegmentioBuilder.swift */; };
		3D1986451F5CE1FC00385DAD /* ArticleViewController.swift in Sources */ = {isa = PBXBuildFile; fileRef = 3D1986441F5CE1FC00385DAD /* ArticleViewController.swift */; };
		3D1986481F5CE9B000385DAD /* DwArticleData.swift in Sources */ = {isa = PBXBuildFile; fileRef = 3D1986461F5CE9B000385DAD /* DwArticleData.swift */; };
		3D1986491F5CE9B000385DAD /* DwArticleRootClass.swift in Sources */ = {isa = PBXBuildFile; fileRef = 3D1986471F5CE9B000385DAD /* DwArticleRootClass.swift */; };
		3D19864D1F60DEAD00385DAD /* Assets.xcassets in Resources */ = {isa = PBXBuildFile; fileRef = 3D19864C1F60DEAD00385DAD /* Assets.xcassets */; };
		3D1986541F60F12B00385DAD /* Localizable.strings in Resources */ = {isa = PBXBuildFile; fileRef = 3D1986561F60F12B00385DAD /* Localizable.strings */; };
		3D1986591F60F12D00385DAD /* InfoPlist.strings in Resources */ = {isa = PBXBuildFile; fileRef = 3D19865B1F60F12D00385DAD /* InfoPlist.strings */; };
		3D19865F1F6233B600385DAD /* ResDetailTableViewController.swift in Sources */ = {isa = PBXBuildFile; fileRef = 3D19865E1F6233B600385DAD /* ResDetailTableViewController.swift */; };
		3D1986611F62367200385DAD /* ResDetailTableViewCell.swift in Sources */ = {isa = PBXBuildFile; fileRef = 3D1986601F62367200385DAD /* ResDetailTableViewCell.swift */; };
		3D1F008E1F37F89D0080957F /* WebViewController.swift in Sources */ = {isa = PBXBuildFile; fileRef = 3D1F008D1F37F89D0080957F /* WebViewController.swift */; };
		3D2569DE1F3D58A800E01816 /* DwEntitys.xcdatamodeld in Sources */ = {isa = PBXBuildFile; fileRef = 3D2569DC1F3D58A800E01816 /* DwEntitys.xcdatamodeld */; };
		3D2569E31F3D7B9800E01816 /* UIImageView+Gif.swift in Sources */ = {isa = PBXBuildFile; fileRef = 3D2569E11F3D7B9800E01816 /* UIImageView+Gif.swift */; };
		3D2569EB1F3DB28300E01816 /* DwHomeActivity.swift in Sources */ = {isa = PBXBuildFile; fileRef = 3D2569E71F3DB28300E01816 /* DwHomeActivity.swift */; };
		3D2569EC1F3DB28300E01816 /* DwHomeData.swift in Sources */ = {isa = PBXBuildFile; fileRef = 3D2569E81F3DB28300E01816 /* DwHomeData.swift */; };
		3D2569ED1F3DB28300E01816 /* DwHomeFeature.swift in Sources */ = {isa = PBXBuildFile; fileRef = 3D2569E91F3DB28300E01816 /* DwHomeFeature.swift */; };
		3D2569EE1F3DB28300E01816 /* DwHomeRootClass.swift in Sources */ = {isa = PBXBuildFile; fileRef = 3D2569EA1F3DB28300E01816 /* DwHomeRootClass.swift */; };
		3D31C4531F322F2000988876 /* LoginViewController.swift in Sources */ = {isa = PBXBuildFile; fileRef = 3D31C4521F322F2000988876 /* LoginViewController.swift */; };
		3D493F861F3C2BCF00CEAD4B /* GuiderViewController.swift in Sources */ = {isa = PBXBuildFile; fileRef = 3D493F851F3C2BCF00CEAD4B /* GuiderViewController.swift */; };
		3D493F881F3C2C2C00CEAD4B /* ContentViewController.swift in Sources */ = {isa = PBXBuildFile; fileRef = 3D493F871F3C2C2C00CEAD4B /* ContentViewController.swift */; };
		3D493F9B1F3C41F100CEAD4B /* ApiUtil.swift in Sources */ = {isa = PBXBuildFile; fileRef = 3D493F9A1F3C41F100CEAD4B /* ApiUtil.swift */; };
		3D493FA41F3C51A800CEAD4B /* DwGuideAd.swift in Sources */ = {isa = PBXBuildFile; fileRef = 3D493F9E1F3C51A800CEAD4B /* DwGuideAd.swift */; };
		3D493FA51F3C51A800CEAD4B /* DwGuideData.swift in Sources */ = {isa = PBXBuildFile; fileRef = 3D493F9F1F3C51A800CEAD4B /* DwGuideData.swift */; };
		3D493FA61F3C51A800CEAD4B /* DwGuideRootClass.swift in Sources */ = {isa = PBXBuildFile; fileRef = 3D493FA01F3C51A800CEAD4B /* DwGuideRootClass.swift */; };
		3D493FA71F3C51A800CEAD4B /* DwStartAd.swift in Sources */ = {isa = PBXBuildFile; fileRef = 3D493FA11F3C51A800CEAD4B /* DwStartAd.swift */; };
		3D493FA81F3C51A800CEAD4B /* DwStartData.swift in Sources */ = {isa = PBXBuildFile; fileRef = 3D493FA21F3C51A800CEAD4B /* DwStartData.swift */; };
		3D493FA91F3C51A800CEAD4B /* DwStartRootClass.swift in Sources */ = {isa = PBXBuildFile; fileRef = 3D493FA31F3C51A800CEAD4B /* DwStartRootClass.swift */; };
		3D5182481F53F87B00361E3F /* DwBranchsData.swift in Sources */ = {isa = PBXBuildFile; fileRef = 3D5182461F53F87B00361E3F /* DwBranchsData.swift */; };
		3D5182491F53F87B00361E3F /* DwBranchsRootClass.swift in Sources */ = {isa = PBXBuildFile; fileRef = 3D5182471F53F87B00361E3F /* DwBranchsRootClass.swift */; };
		3D51824B1F53F9F700361E3F /* FindTableViewCell.swift in Sources */ = {isa = PBXBuildFile; fileRef = 3D51824A1F53F9F700361E3F /* FindTableViewCell.swift */; };
		3D6458631F442A72008220C3 /* DwCountBaseRootClass.swift in Sources */ = {isa = PBXBuildFile; fileRef = 3D6458621F442A72008220C3 /* DwCountBaseRootClass.swift */; };
		3D6458661F444D9C008220C3 /* DwWebViewBaseData.swift in Sources */ = {isa = PBXBuildFile; fileRef = 3D6458641F444D9C008220C3 /* DwWebViewBaseData.swift */; };
		3D6458671F444D9C008220C3 /* DwWebViewBaseRootClass.swift in Sources */ = {isa = PBXBuildFile; fileRef = 3D6458651F444D9C008220C3 /* DwWebViewBaseRootClass.swift */; };
		3D6458691F452623008220C3 /* DwErrorBaseRootClass.swift in Sources */ = {isa = PBXBuildFile; fileRef = 3D6458681F452623008220C3 /* DwErrorBaseRootClass.swift */; };
		3D6458A81F455D24008220C3 /* MessageTableViewCell.swift in Sources */ = {isa = PBXBuildFile; fileRef = 3D6458A71F455D24008220C3 /* MessageTableViewCell.swift */; };
		3D6458AB1F455E0F008220C3 /* DwMsgListBaseData.swift in Sources */ = {isa = PBXBuildFile; fileRef = 3D6458A91F455E0F008220C3 /* DwMsgListBaseData.swift */; };
		3D6458AC1F455E0F008220C3 /* DwMsgListBaseRootClass.swift in Sources */ = {isa = PBXBuildFile; fileRef = 3D6458AA1F455E0F008220C3 /* DwMsgListBaseRootClass.swift */; };
		3D6458AE1F4599F1008220C3 /* MessageDetailViewController.swift in Sources */ = {isa = PBXBuildFile; fileRef = 3D6458AD1F4599F1008220C3 /* MessageDetailViewController.swift */; };
		3D6458B71F45BEF6008220C3 /* CouponDetailsData.swift in Sources */ = {isa = PBXBuildFile; fileRef = 3D6458AF1F45BEF6008220C3 /* CouponDetailsData.swift */; };
		3D6458B81F45BEF6008220C3 /* CouponDetailsRootClass.swift in Sources */ = {isa = PBXBuildFile; fileRef = 3D6458B01F45BEF6008220C3 /* CouponDetailsRootClass.swift */; };
		3D6458B91F45BEF6008220C3 /* CouponMallData.swift in Sources */ = {isa = PBXBuildFile; fileRef = 3D6458B11F45BEF6008220C3 /* CouponMallData.swift */; };
		3D6458BA1F45BEF6008220C3 /* CouponMallDetailsData.swift in Sources */ = {isa = PBXBuildFile; fileRef = 3D6458B21F45BEF6008220C3 /* CouponMallDetailsData.swift */; };
		3D6458BB1F45BEF6008220C3 /* CouponMallDetailsRootClass.swift in Sources */ = {isa = PBXBuildFile; fileRef = 3D6458B31F45BEF6008220C3 /* CouponMallDetailsRootClass.swift */; };
		3D6458BC1F45BEF6008220C3 /* CouponMallRootClass.swift in Sources */ = {isa = PBXBuildFile; fileRef = 3D6458B41F45BEF6008220C3 /* CouponMallRootClass.swift */; };
		3D6458BD1F45BEF6008220C3 /* DwCouponBaseData.swift in Sources */ = {isa = PBXBuildFile; fileRef = 3D6458B51F45BEF6008220C3 /* DwCouponBaseData.swift */; };
		3D6458BE1F45BEF6008220C3 /* DwCouponBaseRootClass.swift in Sources */ = {isa = PBXBuildFile; fileRef = 3D6458B61F45BEF6008220C3 /* DwCouponBaseRootClass.swift */; };
		3D6458C21F45CB61008220C3 /* CouponTableViewCell.swift in Sources */ = {isa = PBXBuildFile; fileRef = 3D6458C11F45CB61008220C3 /* CouponTableViewCell.swift */; };
		3D6458CC1F4A89C0008220C3 /* DwReservationBranch.swift in Sources */ = {isa = PBXBuildFile; fileRef = 3D6458C31F4A89C0008220C3 /* DwReservationBranch.swift */; };
		3D6458CD1F4A89C0008220C3 /* DwReservationCustDetail.swift in Sources */ = {isa = PBXBuildFile; fileRef = 3D6458C41F4A89C0008220C3 /* DwReservationCustDetail.swift */; };
		3D6458CE1F4A89C0008220C3 /* DwReservationData.swift in Sources */ = {isa = PBXBuildFile; fileRef = 3D6458C51F4A89C0008220C3 /* DwReservationData.swift */; };
		3D6458CF1F4A89C0008220C3 /* DwReservationMeal.swift in Sources */ = {isa = PBXBuildFile; fileRef = 3D6458C61F4A89C0008220C3 /* DwReservationMeal.swift */; };
		3D6458D01F4A89C0008220C3 /* DwReservationMemPeriod.swift in Sources */ = {isa = PBXBuildFile; fileRef = 3D6458C71F4A89C0008220C3 /* DwReservationMemPeriod.swift */; };
		3D6458D11F4A89C0008220C3 /* DwReservationReList.swift in Sources */ = {isa = PBXBuildFile; fileRef = 3D6458C81F4A89C0008220C3 /* DwReservationReList.swift */; };
		3D6458D21F4A89C0008220C3 /* DwReservationRemark.swift in Sources */ = {isa = PBXBuildFile; fileRef = 3D6458C91F4A89C0008220C3 /* DwReservationRemark.swift */; };
		3D6458D31F4A89C0008220C3 /* DwReservationReservationType.swift in Sources */ = {isa = PBXBuildFile; fileRef = 3D6458CA1F4A89C0008220C3 /* DwReservationReservationType.swift */; };
		3D6458D41F4A89C0008220C3 /* DwReservationRootClass.swift in Sources */ = {isa = PBXBuildFile; fileRef = 3D6458CB1F4A89C0008220C3 /* DwReservationRootClass.swift */; };
		3D6458D81F4A9586008220C3 /* ReservationTableViewController.swift in Sources */ = {isa = PBXBuildFile; fileRef = 3D6458D71F4A9586008220C3 /* ReservationTableViewController.swift */; };
		3D6458DA1F4AA0AC008220C3 /* ResTableViewCell.swift in Sources */ = {isa = PBXBuildFile; fileRef = 3D6458D91F4AA0AC008220C3 /* ResTableViewCell.swift */; };
		3D6458DC1F4AB34C008220C3 /* MemberInfoTableViewController.swift in Sources */ = {isa = PBXBuildFile; fileRef = 3D6458DB1F4AB34C008220C3 /* MemberInfoTableViewController.swift */; };
		3D8274F01F43DEC2009BB0C9 /* DwLoginCard.swift in Sources */ = {isa = PBXBuildFile; fileRef = 3D8274ED1F43DEC2009BB0C9 /* DwLoginCard.swift */; };
		3D8274F11F43DEC2009BB0C9 /* DwLoginData.swift in Sources */ = {isa = PBXBuildFile; fileRef = 3D8274EE1F43DEC2009BB0C9 /* DwLoginData.swift */; };
		3D8274F21F43DEC2009BB0C9 /* DwLoginRootClass.swift in Sources */ = {isa = PBXBuildFile; fileRef = 3D8274EF1F43DEC2009BB0C9 /* DwLoginRootClass.swift */; };
		3D91761D1F486BD500E855F6 /* DwPayCodeData.swift in Sources */ = {isa = PBXBuildFile; fileRef = 3D91761B1F486BD500E855F6 /* DwPayCodeData.swift */; };
		3D91761E1F486BD500E855F6 /* DwPayCodeRootClass.swift in Sources */ = {isa = PBXBuildFile; fileRef = 3D91761C1F486BD500E855F6 /* DwPayCodeRootClass.swift */; };
		3DD3E24B1F2EC4C6001FC47E /* AppDelegate.swift in Sources */ = {isa = PBXBuildFile; fileRef = 3DD3E24A1F2EC4C6001FC47E /* AppDelegate.swift */; };
		3DD3E2501F2EC4C6001FC47E /* Main.storyboard in Resources */ = {isa = PBXBuildFile; fileRef = 3DD3E24E1F2EC4C6001FC47E /* Main.storyboard */; };
		3DD3E2581F2EC4C7001FC47E /* LaunchScreen.storyboard in Resources */ = {isa = PBXBuildFile; fileRef = 3DD3E2561F2EC4C7001FC47E /* LaunchScreen.storyboard */; };
		3DD885B21F2F3323007A1CE1 /* PodFile in Resources */ = {isa = PBXBuildFile; fileRef = 3DD885B11F2F3323007A1CE1 /* PodFile */; };
		3DE9AEC51FA440E900492E09 /* ScanViewController.swift in Sources */ = {isa = PBXBuildFile; fileRef = 3DE9AEC41FA440E900492E09 /* ScanViewController.swift */; };
		3DEBCD291FC8615B00D9F30E /* ZLaunchAdVC.swift in Sources */ = {isa = PBXBuildFile; fileRef = 3DEBCD281FC8615B00D9F30E /* ZLaunchAdVC.swift */; };
		3DEBCD2B1FC8753A00D9F30E /* TempViewController.swift in Sources */ = {isa = PBXBuildFile; fileRef = 3DEBCD2A1FC8753A00D9F30E /* TempViewController.swift */; };
		71DA84E6DB0F8C1C269054B6 /* Pods_DwMember.framework in Frameworks */ = {isa = PBXBuildFile; fileRef = AC4CD4F2448D444F046254A9 /* Pods_DwMember.framework */; };
/* End PBXBuildFile section */

/* Begin PBXFileReference section */
		3D0376191F484895003173FD /* CouponDeatilsViewController.swift */ = {isa = PBXFileReference; fileEncoding = 4; lastKnownFileType = sourcecode.swift; path = CouponDeatilsViewController.swift; sourceTree = "<group>"; };
		3D11B3981F30587D0031DD5C /* UIButton.swift */ = {isa = PBXFileReference; fileEncoding = 4; lastKnownFileType = sourcecode.swift; path = UIButton.swift; sourceTree = "<group>"; };
		3D11B39D1F306D020031DD5C /* MainActivitysTableViewCell.swift */ = {isa = PBXFileReference; fileEncoding = 4; lastKnownFileType = sourcecode.swift; path = MainActivitysTableViewCell.swift; sourceTree = "<group>"; };
		3D1428F51F5B9564004116EB /* DwUpdataData.swift */ = {isa = PBXFileReference; fileEncoding = 4; lastKnownFileType = sourcecode.swift; path = DwUpdataData.swift; sourceTree = "<group>"; };
		3D1428F61F5B9564004116EB /* DwUpdataRootClass.swift */ = {isa = PBXFileReference; fileEncoding = 4; lastKnownFileType = sourcecode.swift; path = DwUpdataRootClass.swift; sourceTree = "<group>"; };
		3D1428FB1F5BC8EE004116EB /* BranchDetailTableViewController.swift */ = {isa = PBXFileReference; fileEncoding = 4; lastKnownFileType = sourcecode.swift; path = BranchDetailTableViewController.swift; sourceTree = "<group>"; };
		3D1428FD1F5BCEDD004116EB /* BranchDetailTableViewCell.swift */ = {isa = PBXFileReference; fileEncoding = 4; lastKnownFileType = sourcecode.swift; path = BranchDetailTableViewCell.swift; sourceTree = "<group>"; };
		3D1428FF1F5C10E8004116EB /* MapKit.framework */ = {isa = PBXFileReference; lastKnownFileType = wrapper.framework; name = MapKit.framework; path = System/Library/Frameworks/MapKit.framework; sourceTree = SDKROOT; };
		3D1488941F33085900E90270 /* MallViewController.swift */ = {isa = PBXFileReference; fileEncoding = 4; lastKnownFileType = sourcecode.swift; path = MallViewController.swift; sourceTree = "<group>"; };
		3D1488961F3310C700E90270 /* CouponTableViewController.swift */ = {isa = PBXFileReference; fileEncoding = 4; lastKnownFileType = sourcecode.swift; path = CouponTableViewController.swift; sourceTree = "<group>"; };
		3D1488981F3311A700E90270 /* MessageTableViewController.swift */ = {isa = PBXFileReference; fileEncoding = 4; lastKnownFileType = sourcecode.swift; path = MessageTableViewController.swift; sourceTree = "<group>"; };
		3D154EF11F31A63800A6E157 /* MyTabBarViewController.swift */ = {isa = PBXFileReference; fileEncoding = 4; lastKnownFileType = sourcecode.swift; path = MyTabBarViewController.swift; sourceTree = "<group>"; };
		3D1615661F2F700B00E33F3D /* MeTableViewController.swift */ = {isa = PBXFileReference; fileEncoding = 4; lastKnownFileType = sourcecode.swift; path = MeTableViewController.swift; sourceTree = "<group>"; };
		3D16156A1F2F704100E33F3D /* PayViewController.swift */ = {isa = PBXFileReference; fileEncoding = 4; lastKnownFileType = sourcecode.swift; path = PayViewController.swift; sourceTree = "<group>"; };
		3D16156C1F2F709800E33F3D /* FindTableViewController.swift */ = {isa = PBXFileReference; fileEncoding = 4; lastKnownFileType = sourcecode.swift; path = FindTableViewController.swift; sourceTree = "<group>"; };
		3D16156E1F2F70F700E33F3D /* MainTableViewController.swift */ = {isa = PBXFileReference; fileEncoding = 4; lastKnownFileType = sourcecode.swift; path = MainTableViewController.swift; sourceTree = "<group>"; };
		3D1615731F2F731200E33F3D /* IrregularityContentView.swift */ = {isa = PBXFileReference; fileEncoding = 4; lastKnownFileType = sourcecode.swift; path = IrregularityContentView.swift; sourceTree = "<group>"; };
		3D1615781F2F765000E33F3D /* BouncesContentView.swift */ = {isa = PBXFileReference; fileEncoding = 4; lastKnownFileType = sourcecode.swift; path = BouncesContentView.swift; sourceTree = "<group>"; };
		3D1640BD1F39F969008F0819 /* DwMember.entitlements */ = {isa = PBXFileReference; lastKnownFileType = text.plist.entitlements; path = DwMember.entitlements; sourceTree = "<group>"; };
		3D171BCC1F4095CC008BC06E /* String.swift */ = {isa = PBXFileReference; fileEncoding = 4; lastKnownFileType = sourcecode.swift; path = String.swift; sourceTree = "<group>"; };
		3D185BBC1F38B2CD00A89077 /* CouponViewController.swift */ = {isa = PBXFileReference; fileEncoding = 4; lastKnownFileType = sourcecode.swift; path = CouponViewController.swift; sourceTree = "<group>"; };
		3D185BBE1F38B3DA00A89077 /* SegmentioBuilder.swift */ = {isa = PBXFileReference; fileEncoding = 4; lastKnownFileType = sourcecode.swift; path = SegmentioBuilder.swift; sourceTree = "<group>"; };
		3D1986441F5CE1FC00385DAD /* ArticleViewController.swift */ = {isa = PBXFileReference; fileEncoding = 4; lastKnownFileType = sourcecode.swift; path = ArticleViewController.swift; sourceTree = "<group>"; };
		3D1986461F5CE9B000385DAD /* DwArticleData.swift */ = {isa = PBXFileReference; fileEncoding = 4; lastKnownFileType = sourcecode.swift; path = DwArticleData.swift; sourceTree = "<group>"; };
		3D1986471F5CE9B000385DAD /* DwArticleRootClass.swift */ = {isa = PBXFileReference; fileEncoding = 4; lastKnownFileType = sourcecode.swift; path = DwArticleRootClass.swift; sourceTree = "<group>"; };
		3D19864C1F60DEAD00385DAD /* Assets.xcassets */ = {isa = PBXFileReference; lastKnownFileType = folder.assetcatalog; path = Assets.xcassets; sourceTree = "<group>"; };
		3D19864E1F60EBA100385DAD /* zh-Hans */ = {isa = PBXFileReference; lastKnownFileType = text.plist.strings; name = "zh-Hans"; path = "zh-Hans.lproj/Main.strings"; sourceTree = "<group>"; };
		3D19864F1F60EBA100385DAD /* zh-Hans */ = {isa = PBXFileReference; lastKnownFileType = text.plist.strings; name = "zh-Hans"; path = "zh-Hans.lproj/LaunchScreen.strings"; sourceTree = "<group>"; };
		3D1986501F60EBB300385DAD /* zh-Hant */ = {isa = PBXFileReference; lastKnownFileType = text.plist.strings; name = "zh-Hant"; path = "zh-Hant.lproj/Main.strings"; sourceTree = "<group>"; };
		3D1986511F60EBB300385DAD /* zh-Hant */ = {isa = PBXFileReference; lastKnownFileType = text.plist.strings; name = "zh-Hant"; path = "zh-Hant.lproj/LaunchScreen.strings"; sourceTree = "<group>"; };
		3D1986551F60F12B00385DAD /* zh-Hans */ = {isa = PBXFileReference; lastKnownFileType = text.plist.strings; name = "zh-Hans"; path = "zh-Hans.lproj/Localizable.strings"; sourceTree = "<group>"; };
		3D19865A1F60F12D00385DAD /* zh-Hans */ = {isa = PBXFileReference; lastKnownFileType = text.plist.strings; name = "zh-Hans"; path = "zh-Hans.lproj/InfoPlist.strings"; sourceTree = "<group>"; };
		3D19865C1F60F16E00385DAD /* zh-Hant */ = {isa = PBXFileReference; lastKnownFileType = text.plist.strings; name = "zh-Hant"; path = "zh-Hant.lproj/Localizable.strings"; sourceTree = "<group>"; };
		3D19865D1F60F16F00385DAD /* zh-Hant */ = {isa = PBXFileReference; lastKnownFileType = text.plist.strings; name = "zh-Hant"; path = "zh-Hant.lproj/InfoPlist.strings"; sourceTree = "<group>"; };
		3D19865E1F6233B600385DAD /* ResDetailTableViewController.swift */ = {isa = PBXFileReference; fileEncoding = 4; lastKnownFileType = sourcecode.swift; path = ResDetailTableViewController.swift; sourceTree = "<group>"; };
		3D1986601F62367200385DAD /* ResDetailTableViewCell.swift */ = {isa = PBXFileReference; fileEncoding = 4; lastKnownFileType = sourcecode.swift; path = ResDetailTableViewCell.swift; sourceTree = "<group>"; };
		3D1F008D1F37F89D0080957F /* WebViewController.swift */ = {isa = PBXFileReference; fileEncoding = 4; lastKnownFileType = sourcecode.swift; path = WebViewController.swift; sourceTree = "<group>"; };
		3D2569DD1F3D58A800E01816 /* DwEntitys.xcdatamodel */ = {isa = PBXFileReference; lastKnownFileType = wrapper.xcdatamodel; path = DwEntitys.xcdatamodel; sourceTree = "<group>"; };
		3D2569E11F3D7B9800E01816 /* UIImageView+Gif.swift */ = {isa = PBXFileReference; fileEncoding = 4; lastKnownFileType = sourcecode.swift; path = "UIImageView+Gif.swift"; sourceTree = "<group>"; };
		3D2569E71F3DB28300E01816 /* DwHomeActivity.swift */ = {isa = PBXFileReference; fileEncoding = 4; lastKnownFileType = sourcecode.swift; path = DwHomeActivity.swift; sourceTree = "<group>"; };
		3D2569E81F3DB28300E01816 /* DwHomeData.swift */ = {isa = PBXFileReference; fileEncoding = 4; lastKnownFileType = sourcecode.swift; path = DwHomeData.swift; sourceTree = "<group>"; };
		3D2569E91F3DB28300E01816 /* DwHomeFeature.swift */ = {isa = PBXFileReference; fileEncoding = 4; lastKnownFileType = sourcecode.swift; path = DwHomeFeature.swift; sourceTree = "<group>"; };
		3D2569EA1F3DB28300E01816 /* DwHomeRootClass.swift */ = {isa = PBXFileReference; fileEncoding = 4; lastKnownFileType = sourcecode.swift; path = DwHomeRootClass.swift; sourceTree = "<group>"; };
		3D31C4521F322F2000988876 /* LoginViewController.swift */ = {isa = PBXFileReference; fileEncoding = 4; lastKnownFileType = sourcecode.swift; path = LoginViewController.swift; sourceTree = "<group>"; };
		3D493F851F3C2BCF00CEAD4B /* GuiderViewController.swift */ = {isa = PBXFileReference; fileEncoding = 4; lastKnownFileType = sourcecode.swift; path = GuiderViewController.swift; sourceTree = "<group>"; };
		3D493F871F3C2C2C00CEAD4B /* ContentViewController.swift */ = {isa = PBXFileReference; fileEncoding = 4; lastKnownFileType = sourcecode.swift; path = ContentViewController.swift; sourceTree = "<group>"; };
		3D493F9A1F3C41F100CEAD4B /* ApiUtil.swift */ = {isa = PBXFileReference; fileEncoding = 4; lastKnownFileType = sourcecode.swift; path = ApiUtil.swift; sourceTree = "<group>"; };
		3D493F9E1F3C51A800CEAD4B /* DwGuideAd.swift */ = {isa = PBXFileReference; fileEncoding = 4; lastKnownFileType = sourcecode.swift; path = DwGuideAd.swift; sourceTree = "<group>"; };
		3D493F9F1F3C51A800CEAD4B /* DwGuideData.swift */ = {isa = PBXFileReference; fileEncoding = 4; lastKnownFileType = sourcecode.swift; path = DwGuideData.swift; sourceTree = "<group>"; };
		3D493FA01F3C51A800CEAD4B /* DwGuideRootClass.swift */ = {isa = PBXFileReference; fileEncoding = 4; lastKnownFileType = sourcecode.swift; path = DwGuideRootClass.swift; sourceTree = "<group>"; };
		3D493FA11F3C51A800CEAD4B /* DwStartAd.swift */ = {isa = PBXFileReference; fileEncoding = 4; lastKnownFileType = sourcecode.swift; path = DwStartAd.swift; sourceTree = "<group>"; };
		3D493FA21F3C51A800CEAD4B /* DwStartData.swift */ = {isa = PBXFileReference; fileEncoding = 4; lastKnownFileType = sourcecode.swift; path = DwStartData.swift; sourceTree = "<group>"; };
		3D493FA31F3C51A800CEAD4B /* DwStartRootClass.swift */ = {isa = PBXFileReference; fileEncoding = 4; lastKnownFileType = sourcecode.swift; path = DwStartRootClass.swift; sourceTree = "<group>"; };
		3D5182461F53F87B00361E3F /* DwBranchsData.swift */ = {isa = PBXFileReference; fileEncoding = 4; lastKnownFileType = sourcecode.swift; path = DwBranchsData.swift; sourceTree = "<group>"; };
		3D5182471F53F87B00361E3F /* DwBranchsRootClass.swift */ = {isa = PBXFileReference; fileEncoding = 4; lastKnownFileType = sourcecode.swift; path = DwBranchsRootClass.swift; sourceTree = "<group>"; };
		3D51824A1F53F9F700361E3F /* FindTableViewCell.swift */ = {isa = PBXFileReference; fileEncoding = 4; lastKnownFileType = sourcecode.swift; path = FindTableViewCell.swift; sourceTree = "<group>"; };
		3D6458621F442A72008220C3 /* DwCountBaseRootClass.swift */ = {isa = PBXFileReference; fileEncoding = 4; lastKnownFileType = sourcecode.swift; path = DwCountBaseRootClass.swift; sourceTree = "<group>"; };
		3D6458641F444D9C008220C3 /* DwWebViewBaseData.swift */ = {isa = PBXFileReference; fileEncoding = 4; lastKnownFileType = sourcecode.swift; path = DwWebViewBaseData.swift; sourceTree = "<group>"; };
		3D6458651F444D9C008220C3 /* DwWebViewBaseRootClass.swift */ = {isa = PBXFileReference; fileEncoding = 4; lastKnownFileType = sourcecode.swift; path = DwWebViewBaseRootClass.swift; sourceTree = "<group>"; };
		3D6458681F452623008220C3 /* DwErrorBaseRootClass.swift */ = {isa = PBXFileReference; fileEncoding = 4; lastKnownFileType = sourcecode.swift; path = DwErrorBaseRootClass.swift; sourceTree = "<group>"; };
		3D6458A71F455D24008220C3 /* MessageTableViewCell.swift */ = {isa = PBXFileReference; fileEncoding = 4; lastKnownFileType = sourcecode.swift; path = MessageTableViewCell.swift; sourceTree = "<group>"; };
		3D6458A91F455E0F008220C3 /* DwMsgListBaseData.swift */ = {isa = PBXFileReference; fileEncoding = 4; lastKnownFileType = sourcecode.swift; path = DwMsgListBaseData.swift; sourceTree = "<group>"; };
		3D6458AA1F455E0F008220C3 /* DwMsgListBaseRootClass.swift */ = {isa = PBXFileReference; fileEncoding = 4; lastKnownFileType = sourcecode.swift; path = DwMsgListBaseRootClass.swift; sourceTree = "<group>"; };
		3D6458AD1F4599F1008220C3 /* MessageDetailViewController.swift */ = {isa = PBXFileReference; fileEncoding = 4; lastKnownFileType = sourcecode.swift; path = MessageDetailViewController.swift; sourceTree = "<group>"; };
		3D6458AF1F45BEF6008220C3 /* CouponDetailsData.swift */ = {isa = PBXFileReference; fileEncoding = 4; lastKnownFileType = sourcecode.swift; path = CouponDetailsData.swift; sourceTree = "<group>"; };
		3D6458B01F45BEF6008220C3 /* CouponDetailsRootClass.swift */ = {isa = PBXFileReference; fileEncoding = 4; lastKnownFileType = sourcecode.swift; path = CouponDetailsRootClass.swift; sourceTree = "<group>"; };
		3D6458B11F45BEF6008220C3 /* CouponMallData.swift */ = {isa = PBXFileReference; fileEncoding = 4; lastKnownFileType = sourcecode.swift; path = CouponMallData.swift; sourceTree = "<group>"; };
		3D6458B21F45BEF6008220C3 /* CouponMallDetailsData.swift */ = {isa = PBXFileReference; fileEncoding = 4; lastKnownFileType = sourcecode.swift; path = CouponMallDetailsData.swift; sourceTree = "<group>"; };
		3D6458B31F45BEF6008220C3 /* CouponMallDetailsRootClass.swift */ = {isa = PBXFileReference; fileEncoding = 4; lastKnownFileType = sourcecode.swift; path = CouponMallDetailsRootClass.swift; sourceTree = "<group>"; };
		3D6458B41F45BEF6008220C3 /* CouponMallRootClass.swift */ = {isa = PBXFileReference; fileEncoding = 4; lastKnownFileType = sourcecode.swift; path = CouponMallRootClass.swift; sourceTree = "<group>"; };
		3D6458B51F45BEF6008220C3 /* DwCouponBaseData.swift */ = {isa = PBXFileReference; fileEncoding = 4; lastKnownFileType = sourcecode.swift; path = DwCouponBaseData.swift; sourceTree = "<group>"; };
		3D6458B61F45BEF6008220C3 /* DwCouponBaseRootClass.swift */ = {isa = PBXFileReference; fileEncoding = 4; lastKnownFileType = sourcecode.swift; path = DwCouponBaseRootClass.swift; sourceTree = "<group>"; };
		3D6458C11F45CB61008220C3 /* CouponTableViewCell.swift */ = {isa = PBXFileReference; fileEncoding = 4; lastKnownFileType = sourcecode.swift; path = CouponTableViewCell.swift; sourceTree = "<group>"; };
		3D6458C31F4A89C0008220C3 /* DwReservationBranch.swift */ = {isa = PBXFileReference; fileEncoding = 4; lastKnownFileType = sourcecode.swift; path = DwReservationBranch.swift; sourceTree = "<group>"; };
		3D6458C41F4A89C0008220C3 /* DwReservationCustDetail.swift */ = {isa = PBXFileReference; fileEncoding = 4; lastKnownFileType = sourcecode.swift; path = DwReservationCustDetail.swift; sourceTree = "<group>"; };
		3D6458C51F4A89C0008220C3 /* DwReservationData.swift */ = {isa = PBXFileReference; fileEncoding = 4; lastKnownFileType = sourcecode.swift; path = DwReservationData.swift; sourceTree = "<group>"; };
		3D6458C61F4A89C0008220C3 /* DwReservationMeal.swift */ = {isa = PBXFileReference; fileEncoding = 4; lastKnownFileType = sourcecode.swift; path = DwReservationMeal.swift; sourceTree = "<group>"; };
		3D6458C71F4A89C0008220C3 /* DwReservationMemPeriod.swift */ = {isa = PBXFileReference; fileEncoding = 4; lastKnownFileType = sourcecode.swift; path = DwReservationMemPeriod.swift; sourceTree = "<group>"; };
		3D6458C81F4A89C0008220C3 /* DwReservationReList.swift */ = {isa = PBXFileReference; fileEncoding = 4; lastKnownFileType = sourcecode.swift; path = DwReservationReList.swift; sourceTree = "<group>"; };
		3D6458C91F4A89C0008220C3 /* DwReservationRemark.swift */ = {isa = PBXFileReference; fileEncoding = 4; lastKnownFileType = sourcecode.swift; path = DwReservationRemark.swift; sourceTree = "<group>"; };
		3D6458CA1F4A89C0008220C3 /* DwReservationReservationType.swift */ = {isa = PBXFileReference; fileEncoding = 4; lastKnownFileType = sourcecode.swift; path = DwReservationReservationType.swift; sourceTree = "<group>"; };
		3D6458CB1F4A89C0008220C3 /* DwReservationRootClass.swift */ = {isa = PBXFileReference; fileEncoding = 4; lastKnownFileType = sourcecode.swift; path = DwReservationRootClass.swift; sourceTree = "<group>"; };
		3D6458D71F4A9586008220C3 /* ReservationTableViewController.swift */ = {isa = PBXFileReference; fileEncoding = 4; lastKnownFileType = sourcecode.swift; path = ReservationTableViewController.swift; sourceTree = "<group>"; };
		3D6458D91F4AA0AC008220C3 /* ResTableViewCell.swift */ = {isa = PBXFileReference; fileEncoding = 4; lastKnownFileType = sourcecode.swift; path = ResTableViewCell.swift; sourceTree = "<group>"; };
		3D6458DB1F4AB34C008220C3 /* MemberInfoTableViewController.swift */ = {isa = PBXFileReference; fileEncoding = 4; lastKnownFileType = sourcecode.swift; path = MemberInfoTableViewController.swift; sourceTree = "<group>"; };
		3D8274ED1F43DEC2009BB0C9 /* DwLoginCard.swift */ = {isa = PBXFileReference; fileEncoding = 4; lastKnownFileType = sourcecode.swift; path = DwLoginCard.swift; sourceTree = "<group>"; };
		3D8274EE1F43DEC2009BB0C9 /* DwLoginData.swift */ = {isa = PBXFileReference; fileEncoding = 4; lastKnownFileType = sourcecode.swift; path = DwLoginData.swift; sourceTree = "<group>"; };
		3D8274EF1F43DEC2009BB0C9 /* DwLoginRootClass.swift */ = {isa = PBXFileReference; fileEncoding = 4; lastKnownFileType = sourcecode.swift; path = DwLoginRootClass.swift; sourceTree = "<group>"; };
		3D91761B1F486BD500E855F6 /* DwPayCodeData.swift */ = {isa = PBXFileReference; fileEncoding = 4; lastKnownFileType = sourcecode.swift; path = DwPayCodeData.swift; sourceTree = "<group>"; };
		3D91761C1F486BD500E855F6 /* DwPayCodeRootClass.swift */ = {isa = PBXFileReference; fileEncoding = 4; lastKnownFileType = sourcecode.swift; path = DwPayCodeRootClass.swift; sourceTree = "<group>"; };
		3DD3E2471F2EC4C6001FC47E /* DwMember.app */ = {isa = PBXFileReference; explicitFileType = wrapper.application; includeInIndex = 0; path = DwMember.app; sourceTree = BUILT_PRODUCTS_DIR; };
		3DD3E24A1F2EC4C6001FC47E /* AppDelegate.swift */ = {isa = PBXFileReference; lastKnownFileType = sourcecode.swift; path = AppDelegate.swift; sourceTree = "<group>"; };
		3DD3E24F1F2EC4C6001FC47E /* Base */ = {isa = PBXFileReference; lastKnownFileType = file.storyboard; name = Base; path = Base.lproj/Main.storyboard; sourceTree = "<group>"; };
		3DD3E2571F2EC4C7001FC47E /* Base */ = {isa = PBXFileReference; lastKnownFileType = file.storyboard; name = Base; path = Base.lproj/LaunchScreen.storyboard; sourceTree = "<group>"; };
		3DD3E2591F2EC4C7001FC47E /* Info.plist */ = {isa = PBXFileReference; lastKnownFileType = text.plist.xml; path = Info.plist; sourceTree = "<group>"; };
		3DD885B11F2F3323007A1CE1 /* PodFile */ = {isa = PBXFileReference; fileEncoding = 4; lastKnownFileType = text; path = PodFile; sourceTree = "<group>"; xcLanguageSpecificationIdentifier = xcode.lang.ruby; };
		3DD885B31F2F3547007A1CE1 /* DwMember-Bridging-Header.h */ = {isa = PBXFileReference; lastKnownFileType = sourcecode.c.h; path = "DwMember-Bridging-Header.h"; sourceTree = "<group>"; };
		3DE9AEC41FA440E900492E09 /* ScanViewController.swift */ = {isa = PBXFileReference; lastKnownFileType = sourcecode.swift; path = ScanViewController.swift; sourceTree = "<group>"; };
		3DEBCD281FC8615B00D9F30E /* ZLaunchAdVC.swift */ = {isa = PBXFileReference; fileEncoding = 4; lastKnownFileType = sourcecode.swift; path = ZLaunchAdVC.swift; sourceTree = "<group>"; };
		3DEBCD2A1FC8753A00D9F30E /* TempViewController.swift */ = {isa = PBXFileReference; lastKnownFileType = sourcecode.swift; path = TempViewController.swift; sourceTree = "<group>"; };
		43F163E528729B10AFD69FD6 /* Pods-DwMember.release.xcconfig */ = {isa = PBXFileReference; includeInIndex = 1; lastKnownFileType = text.xcconfig; name = "Pods-DwMember.release.xcconfig"; path = "Pods/Target Support Files/Pods-DwMember/Pods-DwMember.release.xcconfig"; sourceTree = "<group>"; };
		AC4CD4F2448D444F046254A9 /* Pods_DwMember.framework */ = {isa = PBXFileReference; explicitFileType = wrapper.framework; includeInIndex = 0; path = Pods_DwMember.framework; sourceTree = BUILT_PRODUCTS_DIR; };
		F4AC6189F94F154D3B69D4C9 /* Pods-DwMember.debug.xcconfig */ = {isa = PBXFileReference; includeInIndex = 1; lastKnownFileType = text.xcconfig; name = "Pods-DwMember.debug.xcconfig"; path = "Pods/Target Support Files/Pods-DwMember/Pods-DwMember.debug.xcconfig"; sourceTree = "<group>"; };
/* End PBXFileReference section */

/* Begin PBXFrameworksBuildPhase section */
		3DD3E2441F2EC4C6001FC47E /* Frameworks */ = {
			isa = PBXFrameworksBuildPhase;
			buildActionMask = 2147483647;
			files = (
				3D1429001F5C10E8004116EB /* MapKit.framework in Frameworks */,
				71DA84E6DB0F8C1C269054B6 /* Pods_DwMember.framework in Frameworks */,
			);
			runOnlyForDeploymentPostprocessing = 0;
		};
/* End PBXFrameworksBuildPhase section */

/* Begin PBXGroup section */
		21D3EBA1DFAFC3DEF2DF550E /* Frameworks */ = {
			isa = PBXGroup;
			children = (
				3D1428FF1F5C10E8004116EB /* MapKit.framework */,
				AC4CD4F2448D444F046254A9 /* Pods_DwMember.framework */,
			);
			name = Frameworks;
			sourceTree = "<group>";
		};
		3D11B3971F30582D0031DD5C /* extension */ = {
			isa = PBXGroup;
			children = (
				3D11B3981F30587D0031DD5C /* UIButton.swift */,
				3D171BCC1F4095CC008BC06E /* String.swift */,
			);
			name = extension;
			sourceTree = "<group>";
		};
		3D1615651F2F6FE400E33F3D /* controll */ = {
			isa = PBXGroup;
			children = (
				3D1615661F2F700B00E33F3D /* MeTableViewController.swift */,
				3D16156A1F2F704100E33F3D /* PayViewController.swift */,
				3D16156C1F2F709800E33F3D /* FindTableViewController.swift */,
				3D16156E1F2F70F700E33F3D /* MainTableViewController.swift */,
				3D11B39D1F306D020031DD5C /* MainActivitysTableViewCell.swift */,
				3D1F008D1F37F89D0080957F /* WebViewController.swift */,
				3D31C4521F322F2000988876 /* LoginViewController.swift */,
				3D1488941F33085900E90270 /* MallViewController.swift */,
				3D493F851F3C2BCF00CEAD4B /* GuiderViewController.swift */,
				3D493F871F3C2C2C00CEAD4B /* ContentViewController.swift */,
				3D1488981F3311A700E90270 /* MessageTableViewController.swift */,
				3D6458A71F455D24008220C3 /* MessageTableViewCell.swift */,
				3D6458AD1F4599F1008220C3 /* MessageDetailViewController.swift */,
				3D185BBC1F38B2CD00A89077 /* CouponViewController.swift */,
				3D1488961F3310C700E90270 /* CouponTableViewController.swift */,
				3D6458C11F45CB61008220C3 /* CouponTableViewCell.swift */,
				3D0376191F484895003173FD /* CouponDeatilsViewController.swift */,
				3D6458D71F4A9586008220C3 /* ReservationTableViewController.swift */,
				3D6458D91F4AA0AC008220C3 /* ResTableViewCell.swift */,
				3D6458DB1F4AB34C008220C3 /* MemberInfoTableViewController.swift */,
				3D51824A1F53F9F700361E3F /* FindTableViewCell.swift */,
				3D1428FB1F5BC8EE004116EB /* BranchDetailTableViewController.swift */,
				3D1428FD1F5BCEDD004116EB /* BranchDetailTableViewCell.swift */,
				3D1986441F5CE1FC00385DAD /* ArticleViewController.swift */,
				3D19865E1F6233B600385DAD /* ResDetailTableViewController.swift */,
				3D1986601F62367200385DAD /* ResDetailTableViewCell.swift */,
				3DE9AEC41FA440E900492E09 /* ScanViewController.swift */,
				3DEBCD2A1FC8753A00D9F30E /* TempViewController.swift */,
			);
			name = controll;
			sourceTree = "<group>";
		};
		3D1615701F2F727B00E33F3D /* content */ = {
			isa = PBXGroup;
			children = (
				3D1615781F2F765000E33F3D /* BouncesContentView.swift */,
				3D1615731F2F731200E33F3D /* IrregularityContentView.swift */,
				3D185BBE1F38B3DA00A89077 /* SegmentioBuilder.swift */,
				3D493F9A1F3C41F100CEAD4B /* ApiUtil.swift */,
			);
			name = content;
			sourceTree = "<group>";
		};
		3D2569E01F3D7B9800E01816 /* ZLaunchAd */ = {
			isa = PBXGroup;
			children = (
				3DEBCD281FC8615B00D9F30E /* ZLaunchAdVC.swift */,
				3D2569E11F3D7B9800E01816 /* UIImageView+Gif.swift */,
			);
			path = ZLaunchAd;
			sourceTree = "<group>";
		};
		3D493F8B1F3C3DB800CEAD4B /* model */ = {
			isa = PBXGroup;
			children = (
				3D1986461F5CE9B000385DAD /* DwArticleData.swift */,
				3D1986471F5CE9B000385DAD /* DwArticleRootClass.swift */,
				3D1428F51F5B9564004116EB /* DwUpdataData.swift */,
				3D1428F61F5B9564004116EB /* DwUpdataRootClass.swift */,
				3D5182461F53F87B00361E3F /* DwBranchsData.swift */,
				3D5182471F53F87B00361E3F /* DwBranchsRootClass.swift */,
				3D6458C31F4A89C0008220C3 /* DwReservationBranch.swift */,
				3D6458C41F4A89C0008220C3 /* DwReservationCustDetail.swift */,
				3D6458C51F4A89C0008220C3 /* DwReservationData.swift */,
				3D6458C61F4A89C0008220C3 /* DwReservationMeal.swift */,
				3D6458C71F4A89C0008220C3 /* DwReservationMemPeriod.swift */,
				3D6458C81F4A89C0008220C3 /* DwReservationReList.swift */,
				3D6458C91F4A89C0008220C3 /* DwReservationRemark.swift */,
				3D6458CA1F4A89C0008220C3 /* DwReservationReservationType.swift */,
				3D6458CB1F4A89C0008220C3 /* DwReservationRootClass.swift */,
				3D91761B1F486BD500E855F6 /* DwPayCodeData.swift */,
				3D91761C1F486BD500E855F6 /* DwPayCodeRootClass.swift */,
				3D6458AF1F45BEF6008220C3 /* CouponDetailsData.swift */,
				3D6458B01F45BEF6008220C3 /* CouponDetailsRootClass.swift */,
				3D6458B11F45BEF6008220C3 /* CouponMallData.swift */,
				3D6458B21F45BEF6008220C3 /* CouponMallDetailsData.swift */,
				3D6458B31F45BEF6008220C3 /* CouponMallDetailsRootClass.swift */,
				3D6458B41F45BEF6008220C3 /* CouponMallRootClass.swift */,
				3D6458B51F45BEF6008220C3 /* DwCouponBaseData.swift */,
				3D6458B61F45BEF6008220C3 /* DwCouponBaseRootClass.swift */,
				3D6458A91F455E0F008220C3 /* DwMsgListBaseData.swift */,
				3D6458AA1F455E0F008220C3 /* DwMsgListBaseRootClass.swift */,
				3D6458681F452623008220C3 /* DwErrorBaseRootClass.swift */,
				3D6458641F444D9C008220C3 /* DwWebViewBaseData.swift */,
				3D6458651F444D9C008220C3 /* DwWebViewBaseRootClass.swift */,
				3D6458621F442A72008220C3 /* DwCountBaseRootClass.swift */,
				3D8274ED1F43DEC2009BB0C9 /* DwLoginCard.swift */,
				3D8274EE1F43DEC2009BB0C9 /* DwLoginData.swift */,
				3D8274EF1F43DEC2009BB0C9 /* DwLoginRootClass.swift */,
				3D2569E71F3DB28300E01816 /* DwHomeActivity.swift */,
				3D2569E81F3DB28300E01816 /* DwHomeData.swift */,
				3D2569E91F3DB28300E01816 /* DwHomeFeature.swift */,
				3D2569EA1F3DB28300E01816 /* DwHomeRootClass.swift */,
				3D493F9E1F3C51A800CEAD4B /* DwGuideAd.swift */,
				3D493F9F1F3C51A800CEAD4B /* DwGuideData.swift */,
				3D493FA01F3C51A800CEAD4B /* DwGuideRootClass.swift */,
				3D493FA11F3C51A800CEAD4B /* DwStartAd.swift */,
				3D493FA21F3C51A800CEAD4B /* DwStartData.swift */,
				3D493FA31F3C51A800CEAD4B /* DwStartRootClass.swift */,
			);
			path = model;
			sourceTree = "<group>";
		};
		3DD3E23E1F2EC4C6001FC47E = {
			isa = PBXGroup;
			children = (
				3DD885B11F2F3323007A1CE1 /* PodFile */,
				3DD3E2491F2EC4C6001FC47E /* DwMember */,
				3DD3E2481F2EC4C6001FC47E /* Products */,
				65BE6AB76CF786B600A0B93E /* Pods */,
				21D3EBA1DFAFC3DEF2DF550E /* Frameworks */,
				3DD885B31F2F3547007A1CE1 /* DwMember-Bridging-Header.h */,
			);
			sourceTree = "<group>";
		};
		3DD3E2481F2EC4C6001FC47E /* Products */ = {
			isa = PBXGroup;
			children = (
				3DD3E2471F2EC4C6001FC47E /* DwMember.app */,
			);
			name = Products;
			sourceTree = "<group>";
		};
		3DD3E2491F2EC4C6001FC47E /* DwMember */ = {
			isa = PBXGroup;
			children = (
				3D19865B1F60F12D00385DAD /* InfoPlist.strings */,
				3D1986561F60F12B00385DAD /* Localizable.strings */,
				3D19864C1F60DEAD00385DAD /* Assets.xcassets */,
				3D2569E01F3D7B9800E01816 /* ZLaunchAd */,
				3D493F8B1F3C3DB800CEAD4B /* model */,
				3D1640BD1F39F969008F0819 /* DwMember.entitlements */,
				3D11B3971F30582D0031DD5C /* extension */,
				3D1615701F2F727B00E33F3D /* content */,
				3D1615651F2F6FE400E33F3D /* controll */,
				3DD3E26C1F2F184B001FC47E /* tabBar */,
				3DD3E24A1F2EC4C6001FC47E /* AppDelegate.swift */,
				3DD3E24E1F2EC4C6001FC47E /* Main.storyboard */,
				3DD3E2561F2EC4C7001FC47E /* LaunchScreen.storyboard */,
				3DD3E2591F2EC4C7001FC47E /* Info.plist */,
				3D2569DC1F3D58A800E01816 /* DwEntitys.xcdatamodeld */,
			);
			path = DwMember;
			sourceTree = "<group>";
		};
		3DD3E26C1F2F184B001FC47E /* tabBar */ = {
			isa = PBXGroup;
			children = (
				3D154EF11F31A63800A6E157 /* MyTabBarViewController.swift */,
			);
			name = tabBar;
			sourceTree = "<group>";
		};
		65BE6AB76CF786B600A0B93E /* Pods */ = {
			isa = PBXGroup;
			children = (
				F4AC6189F94F154D3B69D4C9 /* Pods-DwMember.debug.xcconfig */,
				43F163E528729B10AFD69FD6 /* Pods-DwMember.release.xcconfig */,
			);
			name = Pods;
			sourceTree = "<group>";
		};
/* End PBXGroup section */

/* Begin PBXNativeTarget section */
		3DD3E2461F2EC4C6001FC47E /* DwMember */ = {
			isa = PBXNativeTarget;
			buildConfigurationList = 3DD3E25C1F2EC4C7001FC47E /* Build configuration list for PBXNativeTarget "DwMember" */;
			buildPhases = (
				A7CD6133655D861E2B00CEBE /* [CP] Check Pods Manifest.lock */,
				3DD3E2431F2EC4C6001FC47E /* Sources */,
				3DD3E2441F2EC4C6001FC47E /* Frameworks */,
				3DD3E2451F2EC4C6001FC47E /* Resources */,
				1C16589E3867422CA51B813E /* [CP] Embed Pods Frameworks */,
				1A6FBFC0688C52424F2B5588 /* [CP] Copy Pods Resources */,
			);
			buildRules = (
			);
			dependencies = (
			);
			name = DwMember;
			productName = DwMember;
			productReference = 3DD3E2471F2EC4C6001FC47E /* DwMember.app */;
			productType = "com.apple.product-type.application";
		};
/* End PBXNativeTarget section */

/* Begin PBXProject section */
		3DD3E23F1F2EC4C6001FC47E /* Project object */ = {
			isa = PBXProject;
			attributes = {
				LastSwiftUpdateCheck = 0830;
				LastUpgradeCheck = 0830;
				ORGANIZATIONNAME = "Wen Jing";
				TargetAttributes = {
					3DD3E2461F2EC4C6001FC47E = {
						CreatedOnToolsVersion = 8.3.3;
						DevelopmentTeam = 64443H3TSF;
						LastSwiftMigration = 0830;
						ProvisioningStyle = Automatic;
						SystemCapabilities = {
							com.apple.Maps.iOS = {
								enabled = 1;
							};
							com.apple.Push = {
								enabled = 1;
							};
						};
					};
				};
			};
			buildConfigurationList = 3DD3E2421F2EC4C6001FC47E /* Build configuration list for PBXProject "DwMember" */;
			compatibilityVersion = "Xcode 3.2";
			developmentRegion = English;
			hasScannedForEncodings = 0;
			knownRegions = (
				en,
				Base,
			);
			mainGroup = 3DD3E23E1F2EC4C6001FC47E;
			productRefGroup = 3DD3E2481F2EC4C6001FC47E /* Products */;
			projectDirPath = "";
			projectRoot = "";
			targets = (
				3DD3E2461F2EC4C6001FC47E /* DwMember */,
			);
		};
/* End PBXProject section */

/* Begin PBXResourcesBuildPhase section */
		3DD3E2451F2EC4C6001FC47E /* Resources */ = {
			isa = PBXResourcesBuildPhase;
			buildActionMask = 2147483647;
			files = (
				3D1986541F60F12B00385DAD /* Localizable.strings in Resources */,
				3D1986591F60F12D00385DAD /* InfoPlist.strings in Resources */,
				3DD3E2581F2EC4C7001FC47E /* LaunchScreen.storyboard in Resources */,
				3DD3E2501F2EC4C6001FC47E /* Main.storyboard in Resources */,
				3D19864D1F60DEAD00385DAD /* Assets.xcassets in Resources */,
				3DD885B21F2F3323007A1CE1 /* PodFile in Resources */,
			);
			runOnlyForDeploymentPostprocessing = 0;
		};
/* End PBXResourcesBuildPhase section */

/* Begin PBXShellScriptBuildPhase section */
		1A6FBFC0688C52424F2B5588 /* [CP] Copy Pods Resources */ = {
			isa = PBXShellScriptBuildPhase;
			buildActionMask = 2147483647;
			files = (
			);
			inputPaths = (
			);
			name = "[CP] Copy Pods Resources";
			outputPaths = (
			);
			runOnlyForDeploymentPostprocessing = 0;
			shellPath = /bin/sh;
			shellScript = "\"${SRCROOT}/Pods/Target Support Files/Pods-DwMember/Pods-DwMember-resources.sh\"\n";
			showEnvVarsInLog = 0;
		};
		1C16589E3867422CA51B813E /* [CP] Embed Pods Frameworks */ = {
			isa = PBXShellScriptBuildPhase;
			buildActionMask = 2147483647;
			files = (
			);
			inputPaths = (
				"${SRCROOT}/Pods/Target Support Files/Pods-DwMember/Pods-DwMember-frameworks.sh",
				"${BUILT_PRODUCTS_DIR}/BubbleTransition/BubbleTransition.framework",
				"${BUILT_PRODUCTS_DIR}/ESTabBarController-swift/ESTabBarController_swift.framework",
				"${BUILT_PRODUCTS_DIR}/Just/Just.framework",
				"${BUILT_PRODUCTS_DIR}/Kingfisher/Kingfisher.framework",
				"${BUILT_PRODUCTS_DIR}/LLCycleScrollView/LLCycleScrollView.framework",
				"${BUILT_PRODUCTS_DIR}/Segmentio/Segmentio.framework",
				"${BUILT_PRODUCTS_DIR}/pop/pop.framework",
				"${BUILT_PRODUCTS_DIR}/swiftScan/swiftScan.framework",
			);
			name = "[CP] Embed Pods Frameworks";
			outputPaths = (
				"${TARGET_BUILD_DIR}/${FRAMEWORKS_FOLDER_PATH}/BubbleTransition.framework",
				"${TARGET_BUILD_DIR}/${FRAMEWORKS_FOLDER_PATH}/ESTabBarController_swift.framework",
				"${TARGET_BUILD_DIR}/${FRAMEWORKS_FOLDER_PATH}/Just.framework",
				"${TARGET_BUILD_DIR}/${FRAMEWORKS_FOLDER_PATH}/Kingfisher.framework",
				"${TARGET_BUILD_DIR}/${FRAMEWORKS_FOLDER_PATH}/LLCycleScrollView.framework",
				"${TARGET_BUILD_DIR}/${FRAMEWORKS_FOLDER_PATH}/Segmentio.framework",
				"${TARGET_BUILD_DIR}/${FRAMEWORKS_FOLDER_PATH}/pop.framework",
				"${TARGET_BUILD_DIR}/${FRAMEWORKS_FOLDER_PATH}/swiftScan.framework",
			);
			runOnlyForDeploymentPostprocessing = 0;
			shellPath = /bin/sh;
			shellScript = "\"${SRCROOT}/Pods/Target Support Files/Pods-DwMember/Pods-DwMember-frameworks.sh\"\n";
			showEnvVarsInLog = 0;
		};
		A7CD6133655D861E2B00CEBE /* [CP] Check Pods Manifest.lock */ = {
			isa = PBXShellScriptBuildPhase;
			buildActionMask = 2147483647;
			files = (
			);
			inputPaths = (
				"${PODS_PODFILE_DIR_PATH}/Podfile.lock",
				"${PODS_ROOT}/Manifest.lock",
			);
			name = "[CP] Check Pods Manifest.lock";
			outputPaths = (
				"$(DERIVED_FILE_DIR)/Pods-DwMember-checkManifestLockResult.txt",
			);
			runOnlyForDeploymentPostprocessing = 0;
			shellPath = /bin/sh;
			shellScript = "diff \"${PODS_PODFILE_DIR_PATH}/Podfile.lock\" \"${PODS_ROOT}/Manifest.lock\" > /dev/null\nif [ $? != 0 ] ; then\n    # print error to STDERR\n    echo \"error: The sandbox is not in sync with the Podfile.lock. Run 'pod install' or update your CocoaPods installation.\" >&2\n    exit 1\nfi\n# This output is used by Xcode 'outputs' to avoid re-running this script phase.\necho \"SUCCESS\" > \"${SCRIPT_OUTPUT_FILE_0}\"\n";
			showEnvVarsInLog = 0;
		};
/* End PBXShellScriptBuildPhase section */

/* Begin PBXSourcesBuildPhase section */
		3DD3E2431F2EC4C6001FC47E /* Sources */ = {
			isa = PBXSourcesBuildPhase;
			buildActionMask = 2147483647;
			files = (
				3D1615671F2F700B00E33F3D /* MeTableViewController.swift in Sources */,
				3D16156B1F2F704100E33F3D /* PayViewController.swift in Sources */,
				3D6458BE1F45BEF6008220C3 /* DwCouponBaseRootClass.swift in Sources */,
				3D185BBF1F38B3DA00A89077 /* SegmentioBuilder.swift in Sources */,
				3D6458691F452623008220C3 /* DwErrorBaseRootClass.swift in Sources */,
				3D19865F1F6233B600385DAD /* ResDetailTableViewController.swift in Sources */,
				3D1488991F3311A700E90270 /* MessageTableViewController.swift in Sources */,
				3DE9AEC51FA440E900492E09 /* ScanViewController.swift in Sources */,
				3D16157A1F2F765000E33F3D /* BouncesContentView.swift in Sources */,
				3D2569E31F3D7B9800E01816 /* UIImageView+Gif.swift in Sources */,
				3D1428FC1F5BC8EE004116EB /* BranchDetailTableViewController.swift in Sources */,
				3D03761A1F484895003173FD /* CouponDeatilsViewController.swift in Sources */,
				3D8274F01F43DEC2009BB0C9 /* DwLoginCard.swift in Sources */,
				3D493FA41F3C51A800CEAD4B /* DwGuideAd.swift in Sources */,
				3D6458BD1F45BEF6008220C3 /* DwCouponBaseData.swift in Sources */,
				3D6458B91F45BEF6008220C3 /* CouponMallData.swift in Sources */,
				3D1488971F3310C700E90270 /* CouponTableViewController.swift in Sources */,
				3D6458CE1F4A89C0008220C3 /* DwReservationData.swift in Sources */,
				3D1986451F5CE1FC00385DAD /* ArticleViewController.swift in Sources */,
				3D493FA51F3C51A800CEAD4B /* DwGuideData.swift in Sources */,
				3D2569EC1F3DB28300E01816 /* DwHomeData.swift in Sources */,
				3D6458661F444D9C008220C3 /* DwWebViewBaseData.swift in Sources */,
				3D1488951F33085900E90270 /* MallViewController.swift in Sources */,
				3D493F9B1F3C41F100CEAD4B /* ApiUtil.swift in Sources */,
				3DEBCD2B1FC8753A00D9F30E /* TempViewController.swift in Sources */,
				3D1986491F5CE9B000385DAD /* DwArticleRootClass.swift in Sources */,
				3D493F861F3C2BCF00CEAD4B /* GuiderViewController.swift in Sources */,
				3D6458D21F4A89C0008220C3 /* DwReservationRemark.swift in Sources */,
				3D6458D31F4A89C0008220C3 /* DwReservationReservationType.swift in Sources */,
				3D6458DA1F4AA0AC008220C3 /* ResTableViewCell.swift in Sources */,
				3D1428F71F5B9564004116EB /* DwUpdataData.swift in Sources */,
				3D2569ED1F3DB28300E01816 /* DwHomeFeature.swift in Sources */,
				3D6458671F444D9C008220C3 /* DwWebViewBaseRootClass.swift in Sources */,
				3D1615741F2F731200E33F3D /* IrregularityContentView.swift in Sources */,
				3D6458D01F4A89C0008220C3 /* DwReservationMemPeriod.swift in Sources */,
				3DD3E24B1F2EC4C6001FC47E /* AppDelegate.swift in Sources */,
				3D6458B71F45BEF6008220C3 /* CouponDetailsData.swift in Sources */,
				3D11B39E1F306D020031DD5C /* MainActivitysTableViewCell.swift in Sources */,
				3D6458CC1F4A89C0008220C3 /* DwReservationBranch.swift in Sources */,
				3D16156F1F2F70F700E33F3D /* MainTableViewController.swift in Sources */,
				3D6458BA1F45BEF6008220C3 /* CouponMallDetailsData.swift in Sources */,
				3D2569DE1F3D58A800E01816 /* DwEntitys.xcdatamodeld in Sources */,
				3D16156D1F2F709800E33F3D /* FindTableViewController.swift in Sources */,
				3D1428FE1F5BCEDD004116EB /* BranchDetailTableViewCell.swift in Sources */,
				3D6458B81F45BEF6008220C3 /* CouponDetailsRootClass.swift in Sources */,
				3D51824B1F53F9F700361E3F /* FindTableViewCell.swift in Sources */,
				3D6458C21F45CB61008220C3 /* CouponTableViewCell.swift in Sources */,
				3D493FA81F3C51A800CEAD4B /* DwStartData.swift in Sources */,
				3D1F008E1F37F89D0080957F /* WebViewController.swift in Sources */,
				3D6458CD1F4A89C0008220C3 /* DwReservationCustDetail.swift in Sources */,
				3D5182491F53F87B00361E3F /* DwBranchsRootClass.swift in Sources */,
				3D6458DC1F4AB34C008220C3 /* MemberInfoTableViewController.swift in Sources */,
				3D6458631F442A72008220C3 /* DwCountBaseRootClass.swift in Sources */,
				3D185BBD1F38B2CD00A89077 /* CouponViewController.swift in Sources */,
				3D493FA91F3C51A800CEAD4B /* DwStartRootClass.swift in Sources */,
				3D6458BB1F45BEF6008220C3 /* CouponMallDetailsRootClass.swift in Sources */,
				3D493F881F3C2C2C00CEAD4B /* ContentViewController.swift in Sources */,
				3D1428F81F5B9564004116EB /* DwUpdataRootClass.swift in Sources */,
				3D2569EE1F3DB28300E01816 /* DwHomeRootClass.swift in Sources */,
				3D171BCD1F4095CC008BC06E /* String.swift in Sources */,
				3DEBCD291FC8615B00D9F30E /* ZLaunchAdVC.swift in Sources */,
				3D6458D11F4A89C0008220C3 /* DwReservationReList.swift in Sources */,
				3D493FA71F3C51A800CEAD4B /* DwStartAd.swift in Sources */,
				3D91761D1F486BD500E855F6 /* DwPayCodeData.swift in Sources */,
				3D6458BC1F45BEF6008220C3 /* CouponMallRootClass.swift in Sources */,
				3D31C4531F322F2000988876 /* LoginViewController.swift in Sources */,
				3D6458AC1F455E0F008220C3 /* DwMsgListBaseRootClass.swift in Sources */,
				3D6458D41F4A89C0008220C3 /* DwReservationRootClass.swift in Sources */,
				3D6458D81F4A9586008220C3 /* ReservationTableViewController.swift in Sources */,
				3D2569EB1F3DB28300E01816 /* DwHomeActivity.swift in Sources */,
				3D493FA61F3C51A800CEAD4B /* DwGuideRootClass.swift in Sources */,
				3D6458A81F455D24008220C3 /* MessageTableViewCell.swift in Sources */,
				3D11B3991F30587D0031DD5C /* UIButton.swift in Sources */,
				3D1986611F62367200385DAD /* ResDetailTableViewCell.swift in Sources */,
				3D6458AE1F4599F1008220C3 /* MessageDetailViewController.swift in Sources */,
				3D91761E1F486BD500E855F6 /* DwPayCodeRootClass.swift in Sources */,
				3D154EF21F31A63800A6E157 /* MyTabBarViewController.swift in Sources */,
				3D6458AB1F455E0F008220C3 /* DwMsgListBaseData.swift in Sources */,
				3D8274F11F43DEC2009BB0C9 /* DwLoginData.swift in Sources */,
				3D5182481F53F87B00361E3F /* DwBranchsData.swift in Sources */,
				3D1986481F5CE9B000385DAD /* DwArticleData.swift in Sources */,
				3D6458CF1F4A89C0008220C3 /* DwReservationMeal.swift in Sources */,
				3D8274F21F43DEC2009BB0C9 /* DwLoginRootClass.swift in Sources */,
			);
			runOnlyForDeploymentPostprocessing = 0;
		};
/* End PBXSourcesBuildPhase section */

/* Begin PBXVariantGroup section */
		3D1986561F60F12B00385DAD /* Localizable.strings */ = {
			isa = PBXVariantGroup;
			children = (
				3D1986551F60F12B00385DAD /* zh-Hans */,
				3D19865C1F60F16E00385DAD /* zh-Hant */,
			);
			name = Localizable.strings;
			sourceTree = "<group>";
		};
		3D19865B1F60F12D00385DAD /* InfoPlist.strings */ = {
			isa = PBXVariantGroup;
			children = (
				3D19865A1F60F12D00385DAD /* zh-Hans */,
				3D19865D1F60F16F00385DAD /* zh-Hant */,
			);
			name = InfoPlist.strings;
			sourceTree = "<group>";
		};
		3DD3E24E1F2EC4C6001FC47E /* Main.storyboard */ = {
			isa = PBXVariantGroup;
			children = (
				3DD3E24F1F2EC4C6001FC47E /* Base */,
				3D19864E1F60EBA100385DAD /* zh-Hans */,
				3D1986501F60EBB300385DAD /* zh-Hant */,
			);
			name = Main.storyboard;
			sourceTree = "<group>";
		};
		3DD3E2561F2EC4C7001FC47E /* LaunchScreen.storyboard */ = {
			isa = PBXVariantGroup;
			children = (
				3DD3E2571F2EC4C7001FC47E /* Base */,
				3D19864F1F60EBA100385DAD /* zh-Hans */,
				3D1986511F60EBB300385DAD /* zh-Hant */,
			);
			name = LaunchScreen.storyboard;
			sourceTree = "<group>";
		};
/* End PBXVariantGroup section */

/* Begin XCBuildConfiguration section */
		3DD3E25A1F2EC4C7001FC47E /* Debug */ = {
			isa = XCBuildConfiguration;
			buildSettings = {
				ALWAYS_SEARCH_USER_PATHS = NO;
				CLANG_ANALYZER_LOCALIZABILITY_NONLOCALIZED = YES;
				CLANG_ANALYZER_NONNULL = YES;
				CLANG_ANALYZER_NUMBER_OBJECT_CONVERSION = YES_AGGRESSIVE;
				CLANG_CXX_LANGUAGE_STANDARD = "gnu++0x";
				CLANG_CXX_LIBRARY = "libc++";
				CLANG_ENABLE_MODULES = YES;
				CLANG_ENABLE_OBJC_ARC = YES;
				CLANG_WARN_BOOL_CONVERSION = YES;
				CLANG_WARN_CONSTANT_CONVERSION = YES;
				CLANG_WARN_DIRECT_OBJC_ISA_USAGE = YES_ERROR;
				CLANG_WARN_DOCUMENTATION_COMMENTS = YES;
				CLANG_WARN_EMPTY_BODY = YES;
				CLANG_WARN_ENUM_CONVERSION = YES;
				CLANG_WARN_INFINITE_RECURSION = YES;
				CLANG_WARN_INT_CONVERSION = YES;
				CLANG_WARN_OBJC_ROOT_CLASS = YES_ERROR;
				CLANG_WARN_SUSPICIOUS_MOVE = YES;
				CLANG_WARN_UNREACHABLE_CODE = YES;
				CLANG_WARN__DUPLICATE_METHOD_MATCH = YES;
				CODE_SIGN_IDENTITY = "iPhone Developer";
				"CODE_SIGN_IDENTITY[sdk=iphoneos*]" = "iPhone Developer";
				COPY_PHASE_STRIP = NO;
				DEBUG_INFORMATION_FORMAT = dwarf;
				ENABLE_STRICT_OBJC_MSGSEND = YES;
				ENABLE_TESTABILITY = YES;
				GCC_C_LANGUAGE_STANDARD = gnu99;
				GCC_DYNAMIC_NO_PIC = NO;
				GCC_NO_COMMON_BLOCKS = YES;
				GCC_OPTIMIZATION_LEVEL = 0;
				GCC_PREPROCESSOR_DEFINITIONS = (
					"DEBUG=1",
					"$(inherited)",
				);
				GCC_WARN_64_TO_32_BIT_CONVERSION = YES;
				GCC_WARN_ABOUT_RETURN_TYPE = YES_ERROR;
				GCC_WARN_UNDECLARED_SELECTOR = YES;
				GCC_WARN_UNINITIALIZED_AUTOS = YES_AGGRESSIVE;
				GCC_WARN_UNUSED_FUNCTION = YES;
				GCC_WARN_UNUSED_VARIABLE = YES;
				IPHONEOS_DEPLOYMENT_TARGET = 10.3;
				MTL_ENABLE_DEBUG_INFO = YES;
				ONLY_ACTIVE_ARCH = YES;
				SDKROOT = iphoneos;
				SWIFT_ACTIVE_COMPILATION_CONDITIONS = DEBUG;
				SWIFT_OPTIMIZATION_LEVEL = "-Onone";
			};
			name = Debug;
		};
		3DD3E25B1F2EC4C7001FC47E /* Release */ = {
			isa = XCBuildConfiguration;
			buildSettings = {
				ALWAYS_SEARCH_USER_PATHS = NO;
				CLANG_ANALYZER_LOCALIZABILITY_NONLOCALIZED = YES;
				CLANG_ANALYZER_NONNULL = YES;
				CLANG_ANALYZER_NUMBER_OBJECT_CONVERSION = YES_AGGRESSIVE;
				CLANG_CXX_LANGUAGE_STANDARD = "gnu++0x";
				CLANG_CXX_LIBRARY = "libc++";
				CLANG_ENABLE_MODULES = YES;
				CLANG_ENABLE_OBJC_ARC = YES;
				CLANG_WARN_BOOL_CONVERSION = YES;
				CLANG_WARN_CONSTANT_CONVERSION = YES;
				CLANG_WARN_DIRECT_OBJC_ISA_USAGE = YES_ERROR;
				CLANG_WARN_DOCUMENTATION_COMMENTS = YES;
				CLANG_WARN_EMPTY_BODY = YES;
				CLANG_WARN_ENUM_CONVERSION = YES;
				CLANG_WARN_INFINITE_RECURSION = YES;
				CLANG_WARN_INT_CONVERSION = YES;
				CLANG_WARN_OBJC_ROOT_CLASS = YES_ERROR;
				CLANG_WARN_SUSPICIOUS_MOVE = YES;
				CLANG_WARN_UNREACHABLE_CODE = YES;
				CLANG_WARN__DUPLICATE_METHOD_MATCH = YES;
				CODE_SIGN_IDENTITY = "iPhone Developer";
				"CODE_SIGN_IDENTITY[sdk=iphoneos*]" = "iPhone Developer";
				COPY_PHASE_STRIP = NO;
				DEBUG_INFORMATION_FORMAT = "dwarf-with-dsym";
				ENABLE_NS_ASSERTIONS = NO;
				ENABLE_STRICT_OBJC_MSGSEND = YES;
				GCC_C_LANGUAGE_STANDARD = gnu99;
				GCC_NO_COMMON_BLOCKS = YES;
				GCC_WARN_64_TO_32_BIT_CONVERSION = YES;
				GCC_WARN_ABOUT_RETURN_TYPE = YES_ERROR;
				GCC_WARN_UNDECLARED_SELECTOR = YES;
				GCC_WARN_UNINITIALIZED_AUTOS = YES_AGGRESSIVE;
				GCC_WARN_UNUSED_FUNCTION = YES;
				GCC_WARN_UNUSED_VARIABLE = YES;
				IPHONEOS_DEPLOYMENT_TARGET = 10.3;
				MTL_ENABLE_DEBUG_INFO = NO;
				SDKROOT = iphoneos;
				SWIFT_OPTIMIZATION_LEVEL = "-Owholemodule";
				VALIDATE_PRODUCT = YES;
			};
			name = Release;
		};
		3DD3E25D1F2EC4C7001FC47E /* Debug */ = {
			isa = XCBuildConfiguration;
			baseConfigurationReference = F4AC6189F94F154D3B69D4C9 /* Pods-DwMember.debug.xcconfig */;
			buildSettings = {
				ASSETCATALOG_COMPILER_APPICON_NAME = AppIcon;
				CLANG_ENABLE_MODULES = YES;
				CODE_SIGN_ENTITLEMENTS = DwMember/DwMember.entitlements;
				"CODE_SIGN_IDENTITY[sdk=iphoneos*]" = "iPhone Developer";
				DEVELOPMENT_TEAM = 64443H3TSF;
				INFOPLIST_FILE = DwMember/Info.plist;
				IPHONEOS_DEPLOYMENT_TARGET = 10.3;
				LD_RUNPATH_SEARCH_PATHS = "$(inherited) @executable_path/Frameworks";
				PRODUCT_BUNDLE_IDENTIFIER = com.dongwangtech.epot;
				PRODUCT_NAME = "$(TARGET_NAME)";
				PROVISIONING_PROFILE_SPECIFIER = "";
				SWIFT_OBJC_BRIDGING_HEADER = "DwMember-Bridging-Header.h";
				SWIFT_OPTIMIZATION_LEVEL = "-Onone";
				SWIFT_VERSION = 3.0;
			};
			name = Debug;
		};
		3DD3E25E1F2EC4C7001FC47E /* Release */ = {
			isa = XCBuildConfiguration;
			baseConfigurationReference = 43F163E528729B10AFD69FD6 /* Pods-DwMember.release.xcconfig */;
			buildSettings = {
				ASSETCATALOG_COMPILER_APPICON_NAME = AppIcon;
				CLANG_ENABLE_MODULES = YES;
				CODE_SIGN_ENTITLEMENTS = DwMember/DwMember.entitlements;
				"CODE_SIGN_IDENTITY[sdk=iphoneos*]" = "iPhone Developer";
				DEVELOPMENT_TEAM = 64443H3TSF;
				INFOPLIST_FILE = DwMember/Info.plist;
				IPHONEOS_DEPLOYMENT_TARGET = 10.3;
				LD_RUNPATH_SEARCH_PATHS = "$(inherited) @executable_path/Frameworks";
				PRODUCT_BUNDLE_IDENTIFIER = com.dongwangtech.epot;
				PRODUCT_NAME = "$(TARGET_NAME)";
				PROVISIONING_PROFILE_SPECIFIER = "";
				SWIFT_OBJC_BRIDGING_HEADER = "DwMember-Bridging-Header.h";
				SWIFT_VERSION = 3.0;
			};
			name = Release;
		};
/* End XCBuildConfiguration section */

/* Begin XCConfigurationList section */
		3DD3E2421F2EC4C6001FC47E /* Build configuration list for PBXProject "DwMember" */ = {
			isa = XCConfigurationList;
			buildConfigurations = (
				3DD3E25A1F2EC4C7001FC47E /* Debug */,
				3DD3E25B1F2EC4C7001FC47E /* Release */,
			);
			defaultConfigurationIsVisible = 0;
			defaultConfigurationName = Release;
		};
		3DD3E25C1F2EC4C7001FC47E /* Build configuration list for PBXNativeTarget "DwMember" */ = {
			isa = XCConfigurationList;
			buildConfigurations = (
				3DD3E25D1F2EC4C7001FC47E /* Debug */,
				3DD3E25E1F2EC4C7001FC47E /* Release */,
			);
			defaultConfigurationIsVisible = 0;
			defaultConfigurationName = Release;
		};
/* End XCConfigurationList section */

/* Begin XCVersionGroup section */
		3D2569DC1F3D58A800E01816 /* DwEntitys.xcdatamodeld */ = {
			isa = XCVersionGroup;
			children = (
				3D2569DD1F3D58A800E01816 /* DwEntitys.xcdatamodel */,
			);
			currentVersion = 3D2569DD1F3D58A800E01816 /* DwEntitys.xcdatamodel */;
			path = DwEntitys.xcdatamodeld;
			sourceTree = "<group>";
			versionGroupType = wrapper.xcdatamodel;
		};
/* End XCVersionGroup section */
	};
	rootObject = 3DD3E23F1F2EC4C6001FC47E /* Project object */;
}
